
Microsoft Visual Studio Solution File, Format Version 12.00
# Visual Studio Version 17
VisualStudioVersion = 17.0.32112.339
MinimumVisualStudioVersion = 10.0.40219.1
Project("{9A19103F-16F7-4668-BE54-9A1E7A4F7556}") = "beta", "beta\beta.csproj", "{1CC6DEA6-1F9C-4246-8A15-D082BBD9D47D}"
EndProject
Project("{2150E333-8FDC-42A3-9474-1A3956D46DE8}") = "API", "API", "{65913D07-03A6-4B98-8388-FEBB1146CEFD}"
EndProject
Project("{2150E333-8FDC-42A3-9474-1A3956D46DE8}") = "Common", "Common", "{6D6B4243-464A-4022-92A3-90B5E907411A}"
EndProject
Project("{2150E333-8FDC-42A3-9474-1A3956D46DE8}") = "Services", "Services", "{41B6BE22-8740-4E56-8A61-F85BB3AC6954}"
EndProject
Project("{9A19103F-16F7-4668-BE54-9A1E7A4F7556}") = "FAF.API.Domain", "FAF.API.Domain\FAF.API.Domain.csproj", "{4DCBC32B-37CE-419F-AC75-219CF147D388}"
EndProject
Project("{9A19103F-16F7-4668-BE54-9A1E7A4F7556}") = "FAF.API.Domain.Base", "FAF.API.Domain.Base\FAF.API.Domain.Base.csproj", "{778463F6-E82E-47F7-B416-9F16B93C69A2}"
EndProject
Project("{9A19103F-16F7-4668-BE54-9A1E7A4F7556}") = "FAF.API.Domain.Forum", "FAF.API.Domain.Forum\FAF.API.Domain.Forum.csproj", "{0196A3D3-8E3F-4957-A6F1-D4CF1B0218C0}"
EndProject
Project("{9A19103F-16F7-4668-BE54-9A1E7A4F7556}") = "FAF.API.Domain.Direct", "FAF.API.Domain.Direct\FAF.API.Domain.Direct.csproj", "{45095CB8-1460-4713-9862-985C2E47C88F}"
EndProject
Project("{2150E333-8FDC-42A3-9474-1A3956D46DE8}") = "Other stuff", "Other stuff", "{F812ECE7-0FE9-4761-977C-0F570E126A9E}"
EndProject
Project("{9A19103F-16F7-4668-BE54-9A1E7A4F7556}") = "ReplayParser", "ReplayParser\ReplayParser.csproj", "{134B568C-DA9A-4679-B36E-1FF8554F5AAF}"
EndProject
Project("{2150E333-8FDC-42A3-9474-1A3956D46DE8}") = "Common", "Common", "{301E0DFC-ECF4-4718-BC1B-74F5185DDE4B}"
EndProject
Project("{9A19103F-16F7-4668-BE54-9A1E7A4F7556}") = "LiveChartsSamples", "LiveChartsSamples\LiveChartsSamples.csproj", "{23EC7E57-CC28-4F39-BC6A-FFD8150E4F1B}"
EndProject
Project("{9A19103F-16F7-4668-BE54-9A1E7A4F7556}") = "FAF.Domain", "FAF.Domain\FAF.Domain.csproj", "{3FDBCE4D-046B-4583-B8B1-281A4FAAAD21}"
EndProject
Project("{9A19103F-16F7-4668-BE54-9A1E7A4F7556}") = "FAF.Domain.LobbyServer", "FAF.Domain.LobbyServer\FAF.Domain.LobbyServer.csproj", "{7BD10E86-574A-457F-A433-DEC5ABD84752}"
EndProject
Project("{9A19103F-16F7-4668-BE54-9A1E7A4F7556}") = "VisualStateTests", "VisualStateTests\VisualStateTests.csproj", "{DF8E8E15-5B3B-4DA3-BBFA-16AA22C8343D}"
EndProject
Project("{2150E333-8FDC-42A3-9474-1A3956D46DE8}") = "UI", "UI", "{FA2E7343-CD16-496C-8D31-16ADBAF6BC0E}"
	ProjectSection(SolutionItems) = preProject
		CHANGELOG.md = CHANGELOG.md
	EndProjectSection
EndProject
Project("{2150E333-8FDC-42A3-9474-1A3956D46DE8}") = "Services", "Services", "{211DF6C3-3586-4E19-AC7C-A0470646D7E2}"
EndProject
Project("{9A19103F-16F7-4668-BE54-9A1E7A4F7556}") = "Ethereal.FAF.LobbyServer", "Ethereal.FAF.LobbyServer\Ethereal.FAF.LobbyServer.csproj", "{CAAFB30C-5157-4764-9104-EB75F18F60DF}"
EndProject
Project("{9A19103F-16F7-4668-BE54-9A1E7A4F7556}") = "Ethereal.FAF.UI.Client", "Ethereal.FAF.UI.Client\Ethereal.FAF.UI.Client.csproj", "{F8FCB475-7EC9-464F-8565-9F7A126ECBD2}"
EndProject
Project("{9A19103F-16F7-4668-BE54-9A1E7A4F7556}") = "Ethereal.FAF.API.Client", "Ethereal.FAF.API.Client\Ethereal.FAF.API.Client.csproj", "{231B08FA-73A2-42C4-9E3D-3EB52956A42E}"
EndProject
Project("{9A19103F-16F7-4668-BE54-9A1E7A4F7556}") = "Ethereal.FA.Vault", "Ethereal.FA.Scmap\Ethereal.FA.Vault.csproj", "{74934851-48A4-4415-A19B-F8202FF3C6CE}"
EndProject
Project("{9A19103F-16F7-4668-BE54-9A1E7A4F7556}") = "ConsoleApp1", "ConsoleApp1\ConsoleApp1.csproj", "{60123892-51E8-433F-B1FE-F84B0EB15D07}"
EndProject
Project("{9A19103F-16F7-4668-BE54-9A1E7A4F7556}") = "Ethereal.FA.ScmapInteractive", "Ethereal.FA.ScmapInteractive\Ethereal.FA.ScmapInteractive.csproj", "{6D1D936F-E2FB-4F19-9CD3-CAC91EF2067A}"
EndProject
Project("{9A19103F-16F7-4668-BE54-9A1E7A4F7556}") = "DesktopNotifications.Windows", "..\..\..\Downloads\DesktopNotifications-master\DesktopNotifications-master\DesktopNotifications.Windows\DesktopNotifications.Windows.csproj", "{289706EA-70CE-493B-AF15-1755902EF3DD}"
EndProject
Project("{FAE04EC0-301F-11D3-BF4B-00C04F79EFBC}") = "Masonry.Example", "..\..\..\Downloads\WPF-Masonry-master\WPF-Masonry-master\Masonry.Example\Masonry.Example.csproj", "{0ACC6BCC-EEC0-4E97-AF52-060FDB7E4DC2}"
EndProject
Project("{FAE04EC0-301F-11D3-BF4B-00C04F79EFBC}") = "Masonry", "..\..\..\Downloads\WPF-Masonry-master\WPF-Masonry-master\Masonry\Masonry.csproj", "{E2BA75BF-C535-46B9-A180-E10533A1C1D1}"
EndProject
Project("{9A19103F-16F7-4668-BE54-9A1E7A4F7556}") = "Ethereal.FAF.Client.Updater", "Ethereal.FAF.Client.Updater\Ethereal.FAF.Client.Updater.csproj", "{BB9DEC4E-A9FC-4956-A224-9E6F1735ACA2}"
EndProject
Project("{9A19103F-16F7-4668-BE54-9A1E7A4F7556}") = "Fonts", "Fonts\Fonts.csproj", "{ED0A8A05-7AF2-4774-A070-17B89EE5C86B}"
EndProject
Project("{FAE04EC0-301F-11D3-BF4B-00C04F79EFBC}") = "Markdown.Xaml", "..\..\..\Downloads\Markdown.XAML-master\src\Markdown.Xaml\Markdown.Xaml.csproj", "{34186C3B-C308-4CAE-B462-DB7B5F5E378C}"
EndProject
Global
	GlobalSection(SolutionConfigurationPlatforms) = preSolution
		Analysis|Any CPU = Analysis|Any CPU
		Analysis|ARM = Analysis|ARM
		Analysis|ARM64 = Analysis|ARM64
		Analysis|x64 = Analysis|x64
		Analysis|x86 = Analysis|x86
		Debug|Any CPU = Debug|Any CPU
		Debug|ARM = Debug|ARM
		Debug|ARM64 = Debug|ARM64
		Debug|x64 = Debug|x64
		Debug|x86 = Debug|x86
		Release|Any CPU = Release|Any CPU
		Release|ARM = Release|ARM
		Release|ARM64 = Release|ARM64
		Release|x64 = Release|x64
		Release|x86 = Release|x86
	EndGlobalSection
	GlobalSection(ProjectConfigurationPlatforms) = postSolution
		{1CC6DEA6-1F9C-4246-8A15-D082BBD9D47D}.Analysis|Any CPU.ActiveCfg = Release|Any CPU
		{1CC6DEA6-1F9C-4246-8A15-D082BBD9D47D}.Analysis|ARM.ActiveCfg = Release|Any CPU
		{1CC6DEA6-1F9C-4246-8A15-D082BBD9D47D}.Analysis|ARM64.ActiveCfg = Release|Any CPU
		{1CC6DEA6-1F9C-4246-8A15-D082BBD9D47D}.Analysis|x64.ActiveCfg = Release|Any CPU
		{1CC6DEA6-1F9C-4246-8A15-D082BBD9D47D}.Analysis|x86.ActiveCfg = Release|Any CPU
		{1CC6DEA6-1F9C-4246-8A15-D082BBD9D47D}.Debug|Any CPU.ActiveCfg = Debug|Any CPU
		{1CC6DEA6-1F9C-4246-8A15-D082BBD9D47D}.Debug|Any CPU.Build.0 = Debug|Any CPU
		{1CC6DEA6-1F9C-4246-8A15-D082BBD9D47D}.Debug|ARM.ActiveCfg = Debug|Any CPU
		{1CC6DEA6-1F9C-4246-8A15-D082BBD9D47D}.Debug|ARM.Build.0 = Debug|Any CPU
		{1CC6DEA6-1F9C-4246-8A15-D082BBD9D47D}.Debug|ARM64.ActiveCfg = Debug|Any CPU
		{1CC6DEA6-1F9C-4246-8A15-D082BBD9D47D}.Debug|ARM64.Build.0 = Debug|Any CPU
		{1CC6DEA6-1F9C-4246-8A15-D082BBD9D47D}.Debug|x64.ActiveCfg = Debug|Any CPU
		{1CC6DEA6-1F9C-4246-8A15-D082BBD9D47D}.Debug|x64.Build.0 = Debug|Any CPU
		{1CC6DEA6-1F9C-4246-8A15-D082BBD9D47D}.Debug|x86.ActiveCfg = Debug|Any CPU
		{1CC6DEA6-1F9C-4246-8A15-D082BBD9D47D}.Debug|x86.Build.0 = Debug|Any CPU
		{1CC6DEA6-1F9C-4246-8A15-D082BBD9D47D}.Release|Any CPU.ActiveCfg = Release|Any CPU
		{1CC6DEA6-1F9C-4246-8A15-D082BBD9D47D}.Release|Any CPU.Build.0 = Release|Any CPU
		{1CC6DEA6-1F9C-4246-8A15-D082BBD9D47D}.Release|ARM.ActiveCfg = Release|Any CPU
		{1CC6DEA6-1F9C-4246-8A15-D082BBD9D47D}.Release|ARM.Build.0 = Release|Any CPU
		{1CC6DEA6-1F9C-4246-8A15-D082BBD9D47D}.Release|ARM64.ActiveCfg = Release|Any CPU
		{1CC6DEA6-1F9C-4246-8A15-D082BBD9D47D}.Release|ARM64.Build.0 = Release|Any CPU
		{1CC6DEA6-1F9C-4246-8A15-D082BBD9D47D}.Release|x64.ActiveCfg = Release|Any CPU
		{1CC6DEA6-1F9C-4246-8A15-D082BBD9D47D}.Release|x64.Build.0 = Release|Any CPU
		{1CC6DEA6-1F9C-4246-8A15-D082BBD9D47D}.Release|x86.ActiveCfg = Release|Any CPU
		{1CC6DEA6-1F9C-4246-8A15-D082BBD9D47D}.Release|x86.Build.0 = Release|Any CPU
		{4DCBC32B-37CE-419F-AC75-219CF147D388}.Analysis|Any CPU.ActiveCfg = Release|Any CPU
		{4DCBC32B-37CE-419F-AC75-219CF147D388}.Analysis|ARM.ActiveCfg = Release|Any CPU
		{4DCBC32B-37CE-419F-AC75-219CF147D388}.Analysis|ARM64.ActiveCfg = Release|Any CPU
		{4DCBC32B-37CE-419F-AC75-219CF147D388}.Analysis|x64.ActiveCfg = Release|Any CPU
		{4DCBC32B-37CE-419F-AC75-219CF147D388}.Analysis|x86.ActiveCfg = Release|Any CPU
		{4DCBC32B-37CE-419F-AC75-219CF147D388}.Debug|Any CPU.ActiveCfg = Debug|Any CPU
		{4DCBC32B-37CE-419F-AC75-219CF147D388}.Debug|Any CPU.Build.0 = Debug|Any CPU
		{4DCBC32B-37CE-419F-AC75-219CF147D388}.Debug|ARM.ActiveCfg = Debug|Any CPU
		{4DCBC32B-37CE-419F-AC75-219CF147D388}.Debug|ARM.Build.0 = Debug|Any CPU
		{4DCBC32B-37CE-419F-AC75-219CF147D388}.Debug|ARM64.ActiveCfg = Debug|Any CPU
		{4DCBC32B-37CE-419F-AC75-219CF147D388}.Debug|ARM64.Build.0 = Debug|Any CPU
		{4DCBC32B-37CE-419F-AC75-219CF147D388}.Debug|x64.ActiveCfg = Debug|Any CPU
		{4DCBC32B-37CE-419F-AC75-219CF147D388}.Debug|x64.Build.0 = Debug|Any CPU
		{4DCBC32B-37CE-419F-AC75-219CF147D388}.Debug|x86.ActiveCfg = Debug|Any CPU
		{4DCBC32B-37CE-419F-AC75-219CF147D388}.Debug|x86.Build.0 = Debug|Any CPU
		{4DCBC32B-37CE-419F-AC75-219CF147D388}.Release|Any CPU.ActiveCfg = Release|Any CPU
		{4DCBC32B-37CE-419F-AC75-219CF147D388}.Release|Any CPU.Build.0 = Release|Any CPU
		{4DCBC32B-37CE-419F-AC75-219CF147D388}.Release|ARM.ActiveCfg = Release|Any CPU
		{4DCBC32B-37CE-419F-AC75-219CF147D388}.Release|ARM.Build.0 = Release|Any CPU
		{4DCBC32B-37CE-419F-AC75-219CF147D388}.Release|ARM64.ActiveCfg = Release|Any CPU
		{4DCBC32B-37CE-419F-AC75-219CF147D388}.Release|ARM64.Build.0 = Release|Any CPU
		{4DCBC32B-37CE-419F-AC75-219CF147D388}.Release|x64.ActiveCfg = Release|Any CPU
		{4DCBC32B-37CE-419F-AC75-219CF147D388}.Release|x64.Build.0 = Release|Any CPU
		{4DCBC32B-37CE-419F-AC75-219CF147D388}.Release|x86.ActiveCfg = Release|Any CPU
		{4DCBC32B-37CE-419F-AC75-219CF147D388}.Release|x86.Build.0 = Release|Any CPU
		{778463F6-E82E-47F7-B416-9F16B93C69A2}.Analysis|Any CPU.ActiveCfg = Release|Any CPU
		{778463F6-E82E-47F7-B416-9F16B93C69A2}.Analysis|ARM.ActiveCfg = Release|Any CPU
		{778463F6-E82E-47F7-B416-9F16B93C69A2}.Analysis|ARM64.ActiveCfg = Release|Any CPU
		{778463F6-E82E-47F7-B416-9F16B93C69A2}.Analysis|x64.ActiveCfg = Release|Any CPU
		{778463F6-E82E-47F7-B416-9F16B93C69A2}.Analysis|x86.ActiveCfg = Release|Any CPU
		{778463F6-E82E-47F7-B416-9F16B93C69A2}.Debug|Any CPU.ActiveCfg = Debug|Any CPU
		{778463F6-E82E-47F7-B416-9F16B93C69A2}.Debug|Any CPU.Build.0 = Debug|Any CPU
		{778463F6-E82E-47F7-B416-9F16B93C69A2}.Debug|ARM.ActiveCfg = Debug|Any CPU
		{778463F6-E82E-47F7-B416-9F16B93C69A2}.Debug|ARM.Build.0 = Debug|Any CPU
		{778463F6-E82E-47F7-B416-9F16B93C69A2}.Debug|ARM64.ActiveCfg = Debug|Any CPU
		{778463F6-E82E-47F7-B416-9F16B93C69A2}.Debug|ARM64.Build.0 = Debug|Any CPU
		{778463F6-E82E-47F7-B416-9F16B93C69A2}.Debug|x64.ActiveCfg = Debug|Any CPU
		{778463F6-E82E-47F7-B416-9F16B93C69A2}.Debug|x64.Build.0 = Debug|Any CPU
		{778463F6-E82E-47F7-B416-9F16B93C69A2}.Debug|x86.ActiveCfg = Debug|Any CPU
		{778463F6-E82E-47F7-B416-9F16B93C69A2}.Debug|x86.Build.0 = Debug|Any CPU
		{778463F6-E82E-47F7-B416-9F16B93C69A2}.Release|Any CPU.ActiveCfg = Release|Any CPU
		{778463F6-E82E-47F7-B416-9F16B93C69A2}.Release|Any CPU.Build.0 = Release|Any CPU
		{778463F6-E82E-47F7-B416-9F16B93C69A2}.Release|ARM.ActiveCfg = Release|Any CPU
		{778463F6-E82E-47F7-B416-9F16B93C69A2}.Release|ARM.Build.0 = Release|Any CPU
		{778463F6-E82E-47F7-B416-9F16B93C69A2}.Release|ARM64.ActiveCfg = Release|Any CPU
		{778463F6-E82E-47F7-B416-9F16B93C69A2}.Release|ARM64.Build.0 = Release|Any CPU
		{778463F6-E82E-47F7-B416-9F16B93C69A2}.Release|x64.ActiveCfg = Release|Any CPU
		{778463F6-E82E-47F7-B416-9F16B93C69A2}.Release|x64.Build.0 = Release|Any CPU
		{778463F6-E82E-47F7-B416-9F16B93C69A2}.Release|x86.ActiveCfg = Release|Any CPU
		{778463F6-E82E-47F7-B416-9F16B93C69A2}.Release|x86.Build.0 = Release|Any CPU
		{0196A3D3-8E3F-4957-A6F1-D4CF1B0218C0}.Analysis|Any CPU.ActiveCfg = Release|Any CPU
		{0196A3D3-8E3F-4957-A6F1-D4CF1B0218C0}.Analysis|ARM.ActiveCfg = Release|Any CPU
		{0196A3D3-8E3F-4957-A6F1-D4CF1B0218C0}.Analysis|ARM64.ActiveCfg = Release|Any CPU
		{0196A3D3-8E3F-4957-A6F1-D4CF1B0218C0}.Analysis|x64.ActiveCfg = Release|Any CPU
		{0196A3D3-8E3F-4957-A6F1-D4CF1B0218C0}.Analysis|x86.ActiveCfg = Release|Any CPU
		{0196A3D3-8E3F-4957-A6F1-D4CF1B0218C0}.Debug|Any CPU.ActiveCfg = Debug|Any CPU
		{0196A3D3-8E3F-4957-A6F1-D4CF1B0218C0}.Debug|Any CPU.Build.0 = Debug|Any CPU
		{0196A3D3-8E3F-4957-A6F1-D4CF1B0218C0}.Debug|ARM.ActiveCfg = Debug|Any CPU
		{0196A3D3-8E3F-4957-A6F1-D4CF1B0218C0}.Debug|ARM64.ActiveCfg = Debug|Any CPU
		{0196A3D3-8E3F-4957-A6F1-D4CF1B0218C0}.Debug|x64.ActiveCfg = Debug|Any CPU
		{0196A3D3-8E3F-4957-A6F1-D4CF1B0218C0}.Debug|x86.ActiveCfg = Debug|Any CPU
		{0196A3D3-8E3F-4957-A6F1-D4CF1B0218C0}.Release|Any CPU.ActiveCfg = Release|Any CPU
		{0196A3D3-8E3F-4957-A6F1-D4CF1B0218C0}.Release|Any CPU.Build.0 = Release|Any CPU
		{0196A3D3-8E3F-4957-A6F1-D4CF1B0218C0}.Release|ARM.ActiveCfg = Release|Any CPU
		{0196A3D3-8E3F-4957-A6F1-D4CF1B0218C0}.Release|ARM64.ActiveCfg = Release|Any CPU
		{0196A3D3-8E3F-4957-A6F1-D4CF1B0218C0}.Release|x64.ActiveCfg = Release|Any CPU
		{0196A3D3-8E3F-4957-A6F1-D4CF1B0218C0}.Release|x86.ActiveCfg = Release|Any CPU
		{45095CB8-1460-4713-9862-985C2E47C88F}.Analysis|Any CPU.ActiveCfg = Release|Any CPU
		{45095CB8-1460-4713-9862-985C2E47C88F}.Analysis|Any CPU.Build.0 = Release|Any CPU
		{45095CB8-1460-4713-9862-985C2E47C88F}.Analysis|ARM.ActiveCfg = Release|Any CPU
		{45095CB8-1460-4713-9862-985C2E47C88F}.Analysis|ARM.Build.0 = Release|Any CPU
		{45095CB8-1460-4713-9862-985C2E47C88F}.Analysis|ARM64.ActiveCfg = Release|Any CPU
		{45095CB8-1460-4713-9862-985C2E47C88F}.Analysis|ARM64.Build.0 = Release|Any CPU
		{45095CB8-1460-4713-9862-985C2E47C88F}.Analysis|x64.ActiveCfg = Release|Any CPU
		{45095CB8-1460-4713-9862-985C2E47C88F}.Analysis|x64.Build.0 = Release|Any CPU
		{45095CB8-1460-4713-9862-985C2E47C88F}.Analysis|x86.ActiveCfg = Release|Any CPU
		{45095CB8-1460-4713-9862-985C2E47C88F}.Analysis|x86.Build.0 = Release|Any CPU
		{45095CB8-1460-4713-9862-985C2E47C88F}.Debug|Any CPU.ActiveCfg = Debug|Any CPU
		{45095CB8-1460-4713-9862-985C2E47C88F}.Debug|Any CPU.Build.0 = Debug|Any CPU
		{45095CB8-1460-4713-9862-985C2E47C88F}.Debug|ARM.ActiveCfg = Debug|Any CPU
		{45095CB8-1460-4713-9862-985C2E47C88F}.Debug|ARM64.ActiveCfg = Debug|Any CPU
		{45095CB8-1460-4713-9862-985C2E47C88F}.Debug|x64.ActiveCfg = Debug|Any CPU
		{45095CB8-1460-4713-9862-985C2E47C88F}.Debug|x86.ActiveCfg = Debug|Any CPU
		{45095CB8-1460-4713-9862-985C2E47C88F}.Release|Any CPU.ActiveCfg = Release|Any CPU
		{45095CB8-1460-4713-9862-985C2E47C88F}.Release|Any CPU.Build.0 = Release|Any CPU
		{45095CB8-1460-4713-9862-985C2E47C88F}.Release|ARM.ActiveCfg = Release|Any CPU
		{45095CB8-1460-4713-9862-985C2E47C88F}.Release|ARM64.ActiveCfg = Release|Any CPU
		{45095CB8-1460-4713-9862-985C2E47C88F}.Release|x64.ActiveCfg = Release|Any CPU
		{45095CB8-1460-4713-9862-985C2E47C88F}.Release|x86.ActiveCfg = Release|Any CPU
		{134B568C-DA9A-4679-B36E-1FF8554F5AAF}.Analysis|Any CPU.ActiveCfg = Release|Any CPU
		{134B568C-DA9A-4679-B36E-1FF8554F5AAF}.Analysis|ARM.ActiveCfg = Release|Any CPU
		{134B568C-DA9A-4679-B36E-1FF8554F5AAF}.Analysis|ARM64.ActiveCfg = Release|Any CPU
		{134B568C-DA9A-4679-B36E-1FF8554F5AAF}.Analysis|x64.ActiveCfg = Release|Any CPU
		{134B568C-DA9A-4679-B36E-1FF8554F5AAF}.Analysis|x86.ActiveCfg = Release|Any CPU
		{134B568C-DA9A-4679-B36E-1FF8554F5AAF}.Debug|Any CPU.ActiveCfg = Debug|Any CPU
		{134B568C-DA9A-4679-B36E-1FF8554F5AAF}.Debug|Any CPU.Build.0 = Debug|Any CPU
		{134B568C-DA9A-4679-B36E-1FF8554F5AAF}.Debug|ARM.ActiveCfg = Debug|Any CPU
		{134B568C-DA9A-4679-B36E-1FF8554F5AAF}.Debug|ARM64.ActiveCfg = Debug|Any CPU
		{134B568C-DA9A-4679-B36E-1FF8554F5AAF}.Debug|x64.ActiveCfg = Debug|Any CPU
		{134B568C-DA9A-4679-B36E-1FF8554F5AAF}.Debug|x86.ActiveCfg = Debug|Any CPU
		{134B568C-DA9A-4679-B36E-1FF8554F5AAF}.Release|Any CPU.ActiveCfg = Release|Any CPU
		{134B568C-DA9A-4679-B36E-1FF8554F5AAF}.Release|Any CPU.Build.0 = Release|Any CPU
		{134B568C-DA9A-4679-B36E-1FF8554F5AAF}.Release|ARM.ActiveCfg = Release|Any CPU
		{134B568C-DA9A-4679-B36E-1FF8554F5AAF}.Release|ARM64.ActiveCfg = Release|Any CPU
		{134B568C-DA9A-4679-B36E-1FF8554F5AAF}.Release|x64.ActiveCfg = Release|Any CPU
		{134B568C-DA9A-4679-B36E-1FF8554F5AAF}.Release|x86.ActiveCfg = Release|Any CPU
		{23EC7E57-CC28-4F39-BC6A-FFD8150E4F1B}.Analysis|Any CPU.ActiveCfg = Release|Any CPU
		{23EC7E57-CC28-4F39-BC6A-FFD8150E4F1B}.Analysis|ARM.ActiveCfg = Release|Any CPU
		{23EC7E57-CC28-4F39-BC6A-FFD8150E4F1B}.Analysis|ARM64.ActiveCfg = Release|Any CPU
		{23EC7E57-CC28-4F39-BC6A-FFD8150E4F1B}.Analysis|x64.ActiveCfg = Release|Any CPU
		{23EC7E57-CC28-4F39-BC6A-FFD8150E4F1B}.Analysis|x86.ActiveCfg = Release|Any CPU
		{23EC7E57-CC28-4F39-BC6A-FFD8150E4F1B}.Debug|Any CPU.ActiveCfg = Debug|Any CPU
		{23EC7E57-CC28-4F39-BC6A-FFD8150E4F1B}.Debug|Any CPU.Build.0 = Debug|Any CPU
		{23EC7E57-CC28-4F39-BC6A-FFD8150E4F1B}.Debug|ARM.ActiveCfg = Debug|Any CPU
		{23EC7E57-CC28-4F39-BC6A-FFD8150E4F1B}.Debug|ARM64.ActiveCfg = Debug|Any CPU
		{23EC7E57-CC28-4F39-BC6A-FFD8150E4F1B}.Debug|x64.ActiveCfg = Debug|Any CPU
		{23EC7E57-CC28-4F39-BC6A-FFD8150E4F1B}.Debug|x86.ActiveCfg = Debug|Any CPU
		{23EC7E57-CC28-4F39-BC6A-FFD8150E4F1B}.Release|Any CPU.ActiveCfg = Release|Any CPU
		{23EC7E57-CC28-4F39-BC6A-FFD8150E4F1B}.Release|Any CPU.Build.0 = Release|Any CPU
		{23EC7E57-CC28-4F39-BC6A-FFD8150E4F1B}.Release|ARM.ActiveCfg = Release|Any CPU
		{23EC7E57-CC28-4F39-BC6A-FFD8150E4F1B}.Release|ARM64.ActiveCfg = Release|Any CPU
		{23EC7E57-CC28-4F39-BC6A-FFD8150E4F1B}.Release|x64.ActiveCfg = Release|Any CPU
		{23EC7E57-CC28-4F39-BC6A-FFD8150E4F1B}.Release|x86.ActiveCfg = Release|Any CPU
		{3FDBCE4D-046B-4583-B8B1-281A4FAAAD21}.Analysis|Any CPU.ActiveCfg = Release|Any CPU
		{3FDBCE4D-046B-4583-B8B1-281A4FAAAD21}.Analysis|Any CPU.Build.0 = Release|Any CPU
		{3FDBCE4D-046B-4583-B8B1-281A4FAAAD21}.Analysis|ARM.ActiveCfg = Release|Any CPU
		{3FDBCE4D-046B-4583-B8B1-281A4FAAAD21}.Analysis|ARM.Build.0 = Release|Any CPU
		{3FDBCE4D-046B-4583-B8B1-281A4FAAAD21}.Analysis|ARM64.ActiveCfg = Release|Any CPU
		{3FDBCE4D-046B-4583-B8B1-281A4FAAAD21}.Analysis|ARM64.Build.0 = Release|Any CPU
		{3FDBCE4D-046B-4583-B8B1-281A4FAAAD21}.Analysis|x64.ActiveCfg = Release|Any CPU
		{3FDBCE4D-046B-4583-B8B1-281A4FAAAD21}.Analysis|x64.Build.0 = Release|Any CPU
		{3FDBCE4D-046B-4583-B8B1-281A4FAAAD21}.Analysis|x86.ActiveCfg = Release|Any CPU
		{3FDBCE4D-046B-4583-B8B1-281A4FAAAD21}.Analysis|x86.Build.0 = Release|Any CPU
		{3FDBCE4D-046B-4583-B8B1-281A4FAAAD21}.Debug|Any CPU.ActiveCfg = Debug|Any CPU
		{3FDBCE4D-046B-4583-B8B1-281A4FAAAD21}.Debug|Any CPU.Build.0 = Debug|Any CPU
		{3FDBCE4D-046B-4583-B8B1-281A4FAAAD21}.Debug|ARM.ActiveCfg = Debug|Any CPU
		{3FDBCE4D-046B-4583-B8B1-281A4FAAAD21}.Debug|ARM.Build.0 = Debug|Any CPU
		{3FDBCE4D-046B-4583-B8B1-281A4FAAAD21}.Debug|ARM64.ActiveCfg = Debug|Any CPU
		{3FDBCE4D-046B-4583-B8B1-281A4FAAAD21}.Debug|ARM64.Build.0 = Debug|Any CPU
		{3FDBCE4D-046B-4583-B8B1-281A4FAAAD21}.Debug|x64.ActiveCfg = Debug|Any CPU
		{3FDBCE4D-046B-4583-B8B1-281A4FAAAD21}.Debug|x64.Build.0 = Debug|Any CPU
		{3FDBCE4D-046B-4583-B8B1-281A4FAAAD21}.Debug|x86.ActiveCfg = Debug|Any CPU
		{3FDBCE4D-046B-4583-B8B1-281A4FAAAD21}.Debug|x86.Build.0 = Debug|Any CPU
		{3FDBCE4D-046B-4583-B8B1-281A4FAAAD21}.Release|Any CPU.ActiveCfg = Release|Any CPU
		{3FDBCE4D-046B-4583-B8B1-281A4FAAAD21}.Release|Any CPU.Build.0 = Release|Any CPU
		{3FDBCE4D-046B-4583-B8B1-281A4FAAAD21}.Release|ARM.ActiveCfg = Release|Any CPU
		{3FDBCE4D-046B-4583-B8B1-281A4FAAAD21}.Release|ARM.Build.0 = Release|Any CPU
		{3FDBCE4D-046B-4583-B8B1-281A4FAAAD21}.Release|ARM64.ActiveCfg = Release|Any CPU
		{3FDBCE4D-046B-4583-B8B1-281A4FAAAD21}.Release|ARM64.Build.0 = Release|Any CPU
		{3FDBCE4D-046B-4583-B8B1-281A4FAAAD21}.Release|x64.ActiveCfg = Release|Any CPU
		{3FDBCE4D-046B-4583-B8B1-281A4FAAAD21}.Release|x64.Build.0 = Release|Any CPU
		{3FDBCE4D-046B-4583-B8B1-281A4FAAAD21}.Release|x86.ActiveCfg = Release|Any CPU
		{3FDBCE4D-046B-4583-B8B1-281A4FAAAD21}.Release|x86.Build.0 = Release|Any CPU
		{7BD10E86-574A-457F-A433-DEC5ABD84752}.Analysis|Any CPU.ActiveCfg = Release|Any CPU
		{7BD10E86-574A-457F-A433-DEC5ABD84752}.Analysis|Any CPU.Build.0 = Release|Any CPU
		{7BD10E86-574A-457F-A433-DEC5ABD84752}.Analysis|ARM.ActiveCfg = Release|Any CPU
		{7BD10E86-574A-457F-A433-DEC5ABD84752}.Analysis|ARM.Build.0 = Release|Any CPU
		{7BD10E86-574A-457F-A433-DEC5ABD84752}.Analysis|ARM64.ActiveCfg = Release|Any CPU
		{7BD10E86-574A-457F-A433-DEC5ABD84752}.Analysis|ARM64.Build.0 = Release|Any CPU
		{7BD10E86-574A-457F-A433-DEC5ABD84752}.Analysis|x64.ActiveCfg = Release|Any CPU
		{7BD10E86-574A-457F-A433-DEC5ABD84752}.Analysis|x64.Build.0 = Release|Any CPU
		{7BD10E86-574A-457F-A433-DEC5ABD84752}.Analysis|x86.ActiveCfg = Release|Any CPU
		{7BD10E86-574A-457F-A433-DEC5ABD84752}.Analysis|x86.Build.0 = Release|Any CPU
		{7BD10E86-574A-457F-A433-DEC5ABD84752}.Debug|Any CPU.ActiveCfg = Debug|Any CPU
		{7BD10E86-574A-457F-A433-DEC5ABD84752}.Debug|Any CPU.Build.0 = Debug|Any CPU
		{7BD10E86-574A-457F-A433-DEC5ABD84752}.Debug|ARM.ActiveCfg = Debug|Any CPU
		{7BD10E86-574A-457F-A433-DEC5ABD84752}.Debug|ARM.Build.0 = Debug|Any CPU
		{7BD10E86-574A-457F-A433-DEC5ABD84752}.Debug|ARM64.ActiveCfg = Debug|Any CPU
		{7BD10E86-574A-457F-A433-DEC5ABD84752}.Debug|ARM64.Build.0 = Debug|Any CPU
		{7BD10E86-574A-457F-A433-DEC5ABD84752}.Debug|x64.ActiveCfg = Debug|Any CPU
		{7BD10E86-574A-457F-A433-DEC5ABD84752}.Debug|x64.Build.0 = Debug|Any CPU
		{7BD10E86-574A-457F-A433-DEC5ABD84752}.Debug|x86.ActiveCfg = Debug|Any CPU
		{7BD10E86-574A-457F-A433-DEC5ABD84752}.Debug|x86.Build.0 = Debug|Any CPU
		{7BD10E86-574A-457F-A433-DEC5ABD84752}.Release|Any CPU.ActiveCfg = Release|Any CPU
		{7BD10E86-574A-457F-A433-DEC5ABD84752}.Release|Any CPU.Build.0 = Release|Any CPU
		{7BD10E86-574A-457F-A433-DEC5ABD84752}.Release|ARM.ActiveCfg = Release|Any CPU
		{7BD10E86-574A-457F-A433-DEC5ABD84752}.Release|ARM.Build.0 = Release|Any CPU
		{7BD10E86-574A-457F-A433-DEC5ABD84752}.Release|ARM64.ActiveCfg = Release|Any CPU
		{7BD10E86-574A-457F-A433-DEC5ABD84752}.Release|ARM64.Build.0 = Release|Any CPU
		{7BD10E86-574A-457F-A433-DEC5ABD84752}.Release|x64.ActiveCfg = Release|Any CPU
		{7BD10E86-574A-457F-A433-DEC5ABD84752}.Release|x64.Build.0 = Release|Any CPU
		{7BD10E86-574A-457F-A433-DEC5ABD84752}.Release|x86.ActiveCfg = Release|Any CPU
		{7BD10E86-574A-457F-A433-DEC5ABD84752}.Release|x86.Build.0 = Release|Any CPU
		{DF8E8E15-5B3B-4DA3-BBFA-16AA22C8343D}.Analysis|Any CPU.ActiveCfg = Release|Any CPU
		{DF8E8E15-5B3B-4DA3-BBFA-16AA22C8343D}.Analysis|ARM.ActiveCfg = Release|Any CPU
		{DF8E8E15-5B3B-4DA3-BBFA-16AA22C8343D}.Analysis|ARM64.ActiveCfg = Release|Any CPU
		{DF8E8E15-5B3B-4DA3-BBFA-16AA22C8343D}.Analysis|x64.ActiveCfg = Release|Any CPU
		{DF8E8E15-5B3B-4DA3-BBFA-16AA22C8343D}.Analysis|x86.ActiveCfg = Release|Any CPU
		{DF8E8E15-5B3B-4DA3-BBFA-16AA22C8343D}.Debug|Any CPU.ActiveCfg = Debug|Any CPU
		{DF8E8E15-5B3B-4DA3-BBFA-16AA22C8343D}.Debug|Any CPU.Build.0 = Debug|Any CPU
		{DF8E8E15-5B3B-4DA3-BBFA-16AA22C8343D}.Debug|ARM.ActiveCfg = Debug|Any CPU
		{DF8E8E15-5B3B-4DA3-BBFA-16AA22C8343D}.Debug|ARM64.ActiveCfg = Debug|Any CPU
		{DF8E8E15-5B3B-4DA3-BBFA-16AA22C8343D}.Debug|x64.ActiveCfg = Debug|Any CPU
		{DF8E8E15-5B3B-4DA3-BBFA-16AA22C8343D}.Debug|x86.ActiveCfg = Debug|Any CPU
		{DF8E8E15-5B3B-4DA3-BBFA-16AA22C8343D}.Release|Any CPU.ActiveCfg = Release|Any CPU
		{DF8E8E15-5B3B-4DA3-BBFA-16AA22C8343D}.Release|Any CPU.Build.0 = Release|Any CPU
		{DF8E8E15-5B3B-4DA3-BBFA-16AA22C8343D}.Release|ARM.ActiveCfg = Release|Any CPU
		{DF8E8E15-5B3B-4DA3-BBFA-16AA22C8343D}.Release|ARM64.ActiveCfg = Release|Any CPU
		{DF8E8E15-5B3B-4DA3-BBFA-16AA22C8343D}.Release|x64.ActiveCfg = Release|Any CPU
		{DF8E8E15-5B3B-4DA3-BBFA-16AA22C8343D}.Release|x86.ActiveCfg = Release|Any CPU
		{CAAFB30C-5157-4764-9104-EB75F18F60DF}.Analysis|Any CPU.ActiveCfg = Release|Any CPU
		{CAAFB30C-5157-4764-9104-EB75F18F60DF}.Analysis|ARM.ActiveCfg = Release|Any CPU
		{CAAFB30C-5157-4764-9104-EB75F18F60DF}.Analysis|ARM64.ActiveCfg = Release|Any CPU
		{CAAFB30C-5157-4764-9104-EB75F18F60DF}.Analysis|x64.ActiveCfg = Release|Any CPU
		{CAAFB30C-5157-4764-9104-EB75F18F60DF}.Analysis|x86.ActiveCfg = Release|Any CPU
		{CAAFB30C-5157-4764-9104-EB75F18F60DF}.Debug|Any CPU.ActiveCfg = Debug|Any CPU
		{CAAFB30C-5157-4764-9104-EB75F18F60DF}.Debug|Any CPU.Build.0 = Debug|Any CPU
		{CAAFB30C-5157-4764-9104-EB75F18F60DF}.Debug|ARM.ActiveCfg = Debug|Any CPU
		{CAAFB30C-5157-4764-9104-EB75F18F60DF}.Debug|ARM64.ActiveCfg = Debug|Any CPU
		{CAAFB30C-5157-4764-9104-EB75F18F60DF}.Debug|x64.ActiveCfg = Debug|Any CPU
		{CAAFB30C-5157-4764-9104-EB75F18F60DF}.Debug|x86.ActiveCfg = Debug|Any CPU
		{CAAFB30C-5157-4764-9104-EB75F18F60DF}.Release|Any CPU.ActiveCfg = Release|Any CPU
		{CAAFB30C-5157-4764-9104-EB75F18F60DF}.Release|Any CPU.Build.0 = Release|Any CPU
		{CAAFB30C-5157-4764-9104-EB75F18F60DF}.Release|ARM.ActiveCfg = Release|Any CPU
		{CAAFB30C-5157-4764-9104-EB75F18F60DF}.Release|ARM64.ActiveCfg = Release|Any CPU
		{CAAFB30C-5157-4764-9104-EB75F18F60DF}.Release|x64.ActiveCfg = Release|Any CPU
		{CAAFB30C-5157-4764-9104-EB75F18F60DF}.Release|x86.ActiveCfg = Release|Any CPU
		{F8FCB475-7EC9-464F-8565-9F7A126ECBD2}.Analysis|Any CPU.ActiveCfg = Release|Any CPU
		{F8FCB475-7EC9-464F-8565-9F7A126ECBD2}.Analysis|Any CPU.Build.0 = Release|Any CPU
		{F8FCB475-7EC9-464F-8565-9F7A126ECBD2}.Analysis|ARM.ActiveCfg = Release|Any CPU
		{F8FCB475-7EC9-464F-8565-9F7A126ECBD2}.Analysis|ARM.Build.0 = Release|Any CPU
		{F8FCB475-7EC9-464F-8565-9F7A126ECBD2}.Analysis|ARM64.ActiveCfg = Release|Any CPU
		{F8FCB475-7EC9-464F-8565-9F7A126ECBD2}.Analysis|ARM64.Build.0 = Release|Any CPU
		{F8FCB475-7EC9-464F-8565-9F7A126ECBD2}.Analysis|x64.ActiveCfg = Release|Any CPU
		{F8FCB475-7EC9-464F-8565-9F7A126ECBD2}.Analysis|x64.Build.0 = Release|Any CPU
		{F8FCB475-7EC9-464F-8565-9F7A126ECBD2}.Analysis|x86.ActiveCfg = Release|Any CPU
		{F8FCB475-7EC9-464F-8565-9F7A126ECBD2}.Analysis|x86.Build.0 = Release|Any CPU
		{F8FCB475-7EC9-464F-8565-9F7A126ECBD2}.Debug|Any CPU.ActiveCfg = Debug|Any CPU
		{F8FCB475-7EC9-464F-8565-9F7A126ECBD2}.Debug|Any CPU.Build.0 = Debug|Any CPU
		{F8FCB475-7EC9-464F-8565-9F7A126ECBD2}.Debug|ARM.ActiveCfg = Debug|Any CPU
		{F8FCB475-7EC9-464F-8565-9F7A126ECBD2}.Debug|ARM.Build.0 = Debug|Any CPU
		{F8FCB475-7EC9-464F-8565-9F7A126ECBD2}.Debug|ARM64.ActiveCfg = Debug|Any CPU
		{F8FCB475-7EC9-464F-8565-9F7A126ECBD2}.Debug|ARM64.Build.0 = Debug|Any CPU
		{F8FCB475-7EC9-464F-8565-9F7A126ECBD2}.Debug|x64.ActiveCfg = Debug|Any CPU
		{F8FCB475-7EC9-464F-8565-9F7A126ECBD2}.Debug|x64.Build.0 = Debug|Any CPU
		{F8FCB475-7EC9-464F-8565-9F7A126ECBD2}.Debug|x86.ActiveCfg = Debug|Any CPU
		{F8FCB475-7EC9-464F-8565-9F7A126ECBD2}.Debug|x86.Build.0 = Debug|Any CPU
		{F8FCB475-7EC9-464F-8565-9F7A126ECBD2}.Release|Any CPU.ActiveCfg = Release|Any CPU
		{F8FCB475-7EC9-464F-8565-9F7A126ECBD2}.Release|Any CPU.Build.0 = Release|Any CPU
		{F8FCB475-7EC9-464F-8565-9F7A126ECBD2}.Release|ARM.ActiveCfg = Release|Any CPU
		{F8FCB475-7EC9-464F-8565-9F7A126ECBD2}.Release|ARM.Build.0 = Release|Any CPU
		{F8FCB475-7EC9-464F-8565-9F7A126ECBD2}.Release|ARM64.ActiveCfg = Release|Any CPU
		{F8FCB475-7EC9-464F-8565-9F7A126ECBD2}.Release|ARM64.Build.0 = Release|Any CPU
		{F8FCB475-7EC9-464F-8565-9F7A126ECBD2}.Release|x64.ActiveCfg = Release|Any CPU
		{F8FCB475-7EC9-464F-8565-9F7A126ECBD2}.Release|x64.Build.0 = Release|Any CPU
		{F8FCB475-7EC9-464F-8565-9F7A126ECBD2}.Release|x86.ActiveCfg = Release|Any CPU
		{F8FCB475-7EC9-464F-8565-9F7A126ECBD2}.Release|x86.Build.0 = Release|Any CPU
		{231B08FA-73A2-42C4-9E3D-3EB52956A42E}.Analysis|Any CPU.ActiveCfg = Release|Any CPU
		{231B08FA-73A2-42C4-9E3D-3EB52956A42E}.Analysis|Any CPU.Build.0 = Release|Any CPU
		{231B08FA-73A2-42C4-9E3D-3EB52956A42E}.Analysis|ARM.ActiveCfg = Release|Any CPU
		{231B08FA-73A2-42C4-9E3D-3EB52956A42E}.Analysis|ARM.Build.0 = Release|Any CPU
		{231B08FA-73A2-42C4-9E3D-3EB52956A42E}.Analysis|ARM64.ActiveCfg = Release|Any CPU
		{231B08FA-73A2-42C4-9E3D-3EB52956A42E}.Analysis|ARM64.Build.0 = Release|Any CPU
		{231B08FA-73A2-42C4-9E3D-3EB52956A42E}.Analysis|x64.ActiveCfg = Release|Any CPU
		{231B08FA-73A2-42C4-9E3D-3EB52956A42E}.Analysis|x64.Build.0 = Release|Any CPU
		{231B08FA-73A2-42C4-9E3D-3EB52956A42E}.Analysis|x86.ActiveCfg = Release|Any CPU
		{231B08FA-73A2-42C4-9E3D-3EB52956A42E}.Analysis|x86.Build.0 = Release|Any CPU
		{231B08FA-73A2-42C4-9E3D-3EB52956A42E}.Debug|Any CPU.ActiveCfg = Debug|Any CPU
		{231B08FA-73A2-42C4-9E3D-3EB52956A42E}.Debug|Any CPU.Build.0 = Debug|Any CPU
		{231B08FA-73A2-42C4-9E3D-3EB52956A42E}.Debug|ARM.ActiveCfg = Debug|Any CPU
		{231B08FA-73A2-42C4-9E3D-3EB52956A42E}.Debug|ARM.Build.0 = Debug|Any CPU
		{231B08FA-73A2-42C4-9E3D-3EB52956A42E}.Debug|ARM64.ActiveCfg = Debug|Any CPU
		{231B08FA-73A2-42C4-9E3D-3EB52956A42E}.Debug|ARM64.Build.0 = Debug|Any CPU
		{231B08FA-73A2-42C4-9E3D-3EB52956A42E}.Debug|x64.ActiveCfg = Debug|Any CPU
		{231B08FA-73A2-42C4-9E3D-3EB52956A42E}.Debug|x64.Build.0 = Debug|Any CPU
		{231B08FA-73A2-42C4-9E3D-3EB52956A42E}.Debug|x86.ActiveCfg = Debug|Any CPU
		{231B08FA-73A2-42C4-9E3D-3EB52956A42E}.Debug|x86.Build.0 = Debug|Any CPU
		{231B08FA-73A2-42C4-9E3D-3EB52956A42E}.Release|Any CPU.ActiveCfg = Release|Any CPU
		{231B08FA-73A2-42C4-9E3D-3EB52956A42E}.Release|Any CPU.Build.0 = Release|Any CPU
		{231B08FA-73A2-42C4-9E3D-3EB52956A42E}.Release|ARM.ActiveCfg = Release|Any CPU
		{231B08FA-73A2-42C4-9E3D-3EB52956A42E}.Release|ARM.Build.0 = Release|Any CPU
		{231B08FA-73A2-42C4-9E3D-3EB52956A42E}.Release|ARM64.ActiveCfg = Release|Any CPU
		{231B08FA-73A2-42C4-9E3D-3EB52956A42E}.Release|ARM64.Build.0 = Release|Any CPU
		{231B08FA-73A2-42C4-9E3D-3EB52956A42E}.Release|x64.ActiveCfg = Release|Any CPU
		{231B08FA-73A2-42C4-9E3D-3EB52956A42E}.Release|x64.Build.0 = Release|Any CPU
		{231B08FA-73A2-42C4-9E3D-3EB52956A42E}.Release|x86.ActiveCfg = Release|Any CPU
		{231B08FA-73A2-42C4-9E3D-3EB52956A42E}.Release|x86.Build.0 = Release|Any CPU
		{74934851-48A4-4415-A19B-F8202FF3C6CE}.Analysis|Any CPU.ActiveCfg = Release|Any CPU
		{74934851-48A4-4415-A19B-F8202FF3C6CE}.Analysis|Any CPU.Build.0 = Release|Any CPU
		{74934851-48A4-4415-A19B-F8202FF3C6CE}.Analysis|ARM.ActiveCfg = Release|Any CPU
		{74934851-48A4-4415-A19B-F8202FF3C6CE}.Analysis|ARM.Build.0 = Release|Any CPU
		{74934851-48A4-4415-A19B-F8202FF3C6CE}.Analysis|ARM64.ActiveCfg = Release|Any CPU
		{74934851-48A4-4415-A19B-F8202FF3C6CE}.Analysis|ARM64.Build.0 = Release|Any CPU
		{74934851-48A4-4415-A19B-F8202FF3C6CE}.Analysis|x64.ActiveCfg = Release|Any CPU
		{74934851-48A4-4415-A19B-F8202FF3C6CE}.Analysis|x64.Build.0 = Release|Any CPU
		{74934851-48A4-4415-A19B-F8202FF3C6CE}.Analysis|x86.ActiveCfg = Release|Any CPU
		{74934851-48A4-4415-A19B-F8202FF3C6CE}.Analysis|x86.Build.0 = Release|Any CPU
		{74934851-48A4-4415-A19B-F8202FF3C6CE}.Debug|Any CPU.ActiveCfg = Debug|Any CPU
		{74934851-48A4-4415-A19B-F8202FF3C6CE}.Debug|Any CPU.Build.0 = Debug|Any CPU
		{74934851-48A4-4415-A19B-F8202FF3C6CE}.Debug|ARM.ActiveCfg = Debug|Any CPU
		{74934851-48A4-4415-A19B-F8202FF3C6CE}.Debug|ARM.Build.0 = Debug|Any CPU
		{74934851-48A4-4415-A19B-F8202FF3C6CE}.Debug|ARM64.ActiveCfg = Debug|Any CPU
		{74934851-48A4-4415-A19B-F8202FF3C6CE}.Debug|ARM64.Build.0 = Debug|Any CPU
		{74934851-48A4-4415-A19B-F8202FF3C6CE}.Debug|x64.ActiveCfg = Debug|Any CPU
		{74934851-48A4-4415-A19B-F8202FF3C6CE}.Debug|x64.Build.0 = Debug|Any CPU
		{74934851-48A4-4415-A19B-F8202FF3C6CE}.Debug|x86.ActiveCfg = Debug|Any CPU
		{74934851-48A4-4415-A19B-F8202FF3C6CE}.Debug|x86.Build.0 = Debug|Any CPU
		{74934851-48A4-4415-A19B-F8202FF3C6CE}.Release|Any CPU.ActiveCfg = Release|Any CPU
		{74934851-48A4-4415-A19B-F8202FF3C6CE}.Release|Any CPU.Build.0 = Release|Any CPU
		{74934851-48A4-4415-A19B-F8202FF3C6CE}.Release|ARM.ActiveCfg = Release|Any CPU
		{74934851-48A4-4415-A19B-F8202FF3C6CE}.Release|ARM.Build.0 = Release|Any CPU
		{74934851-48A4-4415-A19B-F8202FF3C6CE}.Release|ARM64.ActiveCfg = Release|Any CPU
		{74934851-48A4-4415-A19B-F8202FF3C6CE}.Release|ARM64.Build.0 = Release|Any CPU
		{74934851-48A4-4415-A19B-F8202FF3C6CE}.Release|x64.ActiveCfg = Release|Any CPU
		{74934851-48A4-4415-A19B-F8202FF3C6CE}.Release|x64.Build.0 = Release|Any CPU
		{74934851-48A4-4415-A19B-F8202FF3C6CE}.Release|x86.ActiveCfg = Release|Any CPU
		{74934851-48A4-4415-A19B-F8202FF3C6CE}.Release|x86.Build.0 = Release|Any CPU
		{60123892-51E8-433F-B1FE-F84B0EB15D07}.Analysis|Any CPU.ActiveCfg = Release|Any CPU
		{60123892-51E8-433F-B1FE-F84B0EB15D07}.Analysis|ARM.ActiveCfg = Release|Any CPU
		{60123892-51E8-433F-B1FE-F84B0EB15D07}.Analysis|ARM64.ActiveCfg = Release|Any CPU
		{60123892-51E8-433F-B1FE-F84B0EB15D07}.Analysis|x64.ActiveCfg = Release|Any CPU
		{60123892-51E8-433F-B1FE-F84B0EB15D07}.Analysis|x86.ActiveCfg = Release|Any CPU
		{60123892-51E8-433F-B1FE-F84B0EB15D07}.Debug|Any CPU.ActiveCfg = Debug|Any CPU
		{60123892-51E8-433F-B1FE-F84B0EB15D07}.Debug|Any CPU.Build.0 = Debug|Any CPU
		{60123892-51E8-433F-B1FE-F84B0EB15D07}.Debug|ARM.ActiveCfg = Debug|Any CPU
		{60123892-51E8-433F-B1FE-F84B0EB15D07}.Debug|ARM.Build.0 = Debug|Any CPU
		{60123892-51E8-433F-B1FE-F84B0EB15D07}.Debug|ARM64.ActiveCfg = Debug|Any CPU
		{60123892-51E8-433F-B1FE-F84B0EB15D07}.Debug|ARM64.Build.0 = Debug|Any CPU
		{60123892-51E8-433F-B1FE-F84B0EB15D07}.Debug|x64.ActiveCfg = Debug|Any CPU
		{60123892-51E8-433F-B1FE-F84B0EB15D07}.Debug|x64.Build.0 = Debug|Any CPU
		{60123892-51E8-433F-B1FE-F84B0EB15D07}.Debug|x86.ActiveCfg = Debug|Any CPU
		{60123892-51E8-433F-B1FE-F84B0EB15D07}.Debug|x86.Build.0 = Debug|Any CPU
		{60123892-51E8-433F-B1FE-F84B0EB15D07}.Release|Any CPU.ActiveCfg = Release|Any CPU
		{60123892-51E8-433F-B1FE-F84B0EB15D07}.Release|Any CPU.Build.0 = Release|Any CPU
		{60123892-51E8-433F-B1FE-F84B0EB15D07}.Release|ARM.ActiveCfg = Release|Any CPU
		{60123892-51E8-433F-B1FE-F84B0EB15D07}.Release|ARM.Build.0 = Release|Any CPU
		{60123892-51E8-433F-B1FE-F84B0EB15D07}.Release|ARM64.ActiveCfg = Release|Any CPU
		{60123892-51E8-433F-B1FE-F84B0EB15D07}.Release|ARM64.Build.0 = Release|Any CPU
		{60123892-51E8-433F-B1FE-F84B0EB15D07}.Release|x64.ActiveCfg = Release|Any CPU
		{60123892-51E8-433F-B1FE-F84B0EB15D07}.Release|x64.Build.0 = Release|Any CPU
		{60123892-51E8-433F-B1FE-F84B0EB15D07}.Release|x86.ActiveCfg = Release|Any CPU
		{60123892-51E8-433F-B1FE-F84B0EB15D07}.Release|x86.Build.0 = Release|Any CPU
		{6D1D936F-E2FB-4F19-9CD3-CAC91EF2067A}.Analysis|Any CPU.ActiveCfg = Release|Any CPU
		{6D1D936F-E2FB-4F19-9CD3-CAC91EF2067A}.Analysis|ARM.ActiveCfg = Release|Any CPU
		{6D1D936F-E2FB-4F19-9CD3-CAC91EF2067A}.Analysis|ARM64.ActiveCfg = Release|Any CPU
		{6D1D936F-E2FB-4F19-9CD3-CAC91EF2067A}.Analysis|x64.ActiveCfg = Release|Any CPU
		{6D1D936F-E2FB-4F19-9CD3-CAC91EF2067A}.Analysis|x86.ActiveCfg = Release|Any CPU
		{6D1D936F-E2FB-4F19-9CD3-CAC91EF2067A}.Debug|Any CPU.ActiveCfg = Debug|Any CPU
		{6D1D936F-E2FB-4F19-9CD3-CAC91EF2067A}.Debug|Any CPU.Build.0 = Debug|Any CPU
		{6D1D936F-E2FB-4F19-9CD3-CAC91EF2067A}.Debug|ARM.ActiveCfg = Debug|Any CPU
		{6D1D936F-E2FB-4F19-9CD3-CAC91EF2067A}.Debug|ARM.Build.0 = Debug|Any CPU
		{6D1D936F-E2FB-4F19-9CD3-CAC91EF2067A}.Debug|ARM64.ActiveCfg = Debug|Any CPU
		{6D1D936F-E2FB-4F19-9CD3-CAC91EF2067A}.Debug|ARM64.Build.0 = Debug|Any CPU
		{6D1D936F-E2FB-4F19-9CD3-CAC91EF2067A}.Debug|x64.ActiveCfg = Debug|Any CPU
		{6D1D936F-E2FB-4F19-9CD3-CAC91EF2067A}.Debug|x64.Build.0 = Debug|Any CPU
		{6D1D936F-E2FB-4F19-9CD3-CAC91EF2067A}.Debug|x86.ActiveCfg = Debug|Any CPU
		{6D1D936F-E2FB-4F19-9CD3-CAC91EF2067A}.Debug|x86.Build.0 = Debug|Any CPU
		{6D1D936F-E2FB-4F19-9CD3-CAC91EF2067A}.Release|Any CPU.ActiveCfg = Release|Any CPU
		{6D1D936F-E2FB-4F19-9CD3-CAC91EF2067A}.Release|Any CPU.Build.0 = Release|Any CPU
		{6D1D936F-E2FB-4F19-9CD3-CAC91EF2067A}.Release|ARM.ActiveCfg = Release|Any CPU
		{6D1D936F-E2FB-4F19-9CD3-CAC91EF2067A}.Release|ARM.Build.0 = Release|Any CPU
		{6D1D936F-E2FB-4F19-9CD3-CAC91EF2067A}.Release|ARM64.ActiveCfg = Release|Any CPU
		{6D1D936F-E2FB-4F19-9CD3-CAC91EF2067A}.Release|ARM64.Build.0 = Release|Any CPU
		{6D1D936F-E2FB-4F19-9CD3-CAC91EF2067A}.Release|x64.ActiveCfg = Release|Any CPU
		{6D1D936F-E2FB-4F19-9CD3-CAC91EF2067A}.Release|x64.Build.0 = Release|Any CPU
		{6D1D936F-E2FB-4F19-9CD3-CAC91EF2067A}.Release|x86.ActiveCfg = Release|Any CPU
		{6D1D936F-E2FB-4F19-9CD3-CAC91EF2067A}.Release|x86.Build.0 = Release|Any CPU
		{289706EA-70CE-493B-AF15-1755902EF3DD}.Analysis|Any CPU.ActiveCfg = Release|Any CPU
		{289706EA-70CE-493B-AF15-1755902EF3DD}.Analysis|Any CPU.Build.0 = Release|Any CPU
		{289706EA-70CE-493B-AF15-1755902EF3DD}.Analysis|ARM.ActiveCfg = Release|Any CPU
		{289706EA-70CE-493B-AF15-1755902EF3DD}.Analysis|ARM.Build.0 = Release|Any CPU
		{289706EA-70CE-493B-AF15-1755902EF3DD}.Analysis|ARM64.ActiveCfg = Release|Any CPU
		{289706EA-70CE-493B-AF15-1755902EF3DD}.Analysis|ARM64.Build.0 = Release|Any CPU
		{289706EA-70CE-493B-AF15-1755902EF3DD}.Analysis|x64.ActiveCfg = Release|Any CPU
		{289706EA-70CE-493B-AF15-1755902EF3DD}.Analysis|x64.Build.0 = Release|Any CPU
		{289706EA-70CE-493B-AF15-1755902EF3DD}.Analysis|x86.ActiveCfg = Release|Any CPU
		{289706EA-70CE-493B-AF15-1755902EF3DD}.Analysis|x86.Build.0 = Release|Any CPU
		{289706EA-70CE-493B-AF15-1755902EF3DD}.Debug|Any CPU.ActiveCfg = Debug|Any CPU
		{289706EA-70CE-493B-AF15-1755902EF3DD}.Debug|Any CPU.Build.0 = Debug|Any CPU
		{289706EA-70CE-493B-AF15-1755902EF3DD}.Debug|ARM.ActiveCfg = Debug|Any CPU
		{289706EA-70CE-493B-AF15-1755902EF3DD}.Debug|ARM.Build.0 = Debug|Any CPU
		{289706EA-70CE-493B-AF15-1755902EF3DD}.Debug|ARM64.ActiveCfg = Debug|Any CPU
		{289706EA-70CE-493B-AF15-1755902EF3DD}.Debug|ARM64.Build.0 = Debug|Any CPU
		{289706EA-70CE-493B-AF15-1755902EF3DD}.Debug|x64.ActiveCfg = Debug|Any CPU
		{289706EA-70CE-493B-AF15-1755902EF3DD}.Debug|x64.Build.0 = Debug|Any CPU
		{289706EA-70CE-493B-AF15-1755902EF3DD}.Debug|x86.ActiveCfg = Debug|Any CPU
		{289706EA-70CE-493B-AF15-1755902EF3DD}.Debug|x86.Build.0 = Debug|Any CPU
		{289706EA-70CE-493B-AF15-1755902EF3DD}.Release|Any CPU.ActiveCfg = Release|Any CPU
		{289706EA-70CE-493B-AF15-1755902EF3DD}.Release|Any CPU.Build.0 = Release|Any CPU
		{289706EA-70CE-493B-AF15-1755902EF3DD}.Release|ARM.ActiveCfg = Release|Any CPU
		{289706EA-70CE-493B-AF15-1755902EF3DD}.Release|ARM.Build.0 = Release|Any CPU
		{289706EA-70CE-493B-AF15-1755902EF3DD}.Release|ARM64.ActiveCfg = Release|Any CPU
		{289706EA-70CE-493B-AF15-1755902EF3DD}.Release|ARM64.Build.0 = Release|Any CPU
		{289706EA-70CE-493B-AF15-1755902EF3DD}.Release|x64.ActiveCfg = Release|Any CPU
		{289706EA-70CE-493B-AF15-1755902EF3DD}.Release|x64.Build.0 = Release|Any CPU
		{289706EA-70CE-493B-AF15-1755902EF3DD}.Release|x86.ActiveCfg = Release|Any CPU
		{289706EA-70CE-493B-AF15-1755902EF3DD}.Release|x86.Build.0 = Release|Any CPU
		{0ACC6BCC-EEC0-4E97-AF52-060FDB7E4DC2}.Analysis|Any CPU.ActiveCfg = Release|Any CPU
		{0ACC6BCC-EEC0-4E97-AF52-060FDB7E4DC2}.Analysis|ARM.ActiveCfg = Release|Any CPU
		{0ACC6BCC-EEC0-4E97-AF52-060FDB7E4DC2}.Analysis|ARM64.ActiveCfg = Release|Any CPU
		{0ACC6BCC-EEC0-4E97-AF52-060FDB7E4DC2}.Analysis|x64.ActiveCfg = Release|Any CPU
		{0ACC6BCC-EEC0-4E97-AF52-060FDB7E4DC2}.Analysis|x86.ActiveCfg = Release|Any CPU
		{0ACC6BCC-EEC0-4E97-AF52-060FDB7E4DC2}.Debug|Any CPU.ActiveCfg = Debug|Any CPU
		{0ACC6BCC-EEC0-4E97-AF52-060FDB7E4DC2}.Debug|Any CPU.Build.0 = Debug|Any CPU
		{0ACC6BCC-EEC0-4E97-AF52-060FDB7E4DC2}.Debug|ARM.ActiveCfg = Debug|Any CPU
		{0ACC6BCC-EEC0-4E97-AF52-060FDB7E4DC2}.Debug|ARM.Build.0 = Debug|Any CPU
		{0ACC6BCC-EEC0-4E97-AF52-060FDB7E4DC2}.Debug|ARM64.ActiveCfg = Debug|Any CPU
		{0ACC6BCC-EEC0-4E97-AF52-060FDB7E4DC2}.Debug|ARM64.Build.0 = Debug|Any CPU
		{0ACC6BCC-EEC0-4E97-AF52-060FDB7E4DC2}.Debug|x64.ActiveCfg = Debug|Any CPU
		{0ACC6BCC-EEC0-4E97-AF52-060FDB7E4DC2}.Debug|x64.Build.0 = Debug|Any CPU
		{0ACC6BCC-EEC0-4E97-AF52-060FDB7E4DC2}.Debug|x86.ActiveCfg = Debug|Any CPU
		{0ACC6BCC-EEC0-4E97-AF52-060FDB7E4DC2}.Debug|x86.Build.0 = Debug|Any CPU
		{0ACC6BCC-EEC0-4E97-AF52-060FDB7E4DC2}.Release|Any CPU.ActiveCfg = Release|Any CPU
		{0ACC6BCC-EEC0-4E97-AF52-060FDB7E4DC2}.Release|Any CPU.Build.0 = Release|Any CPU
		{0ACC6BCC-EEC0-4E97-AF52-060FDB7E4DC2}.Release|ARM.ActiveCfg = Release|Any CPU
		{0ACC6BCC-EEC0-4E97-AF52-060FDB7E4DC2}.Release|ARM.Build.0 = Release|Any CPU
		{0ACC6BCC-EEC0-4E97-AF52-060FDB7E4DC2}.Release|ARM64.ActiveCfg = Release|Any CPU
		{0ACC6BCC-EEC0-4E97-AF52-060FDB7E4DC2}.Release|ARM64.Build.0 = Release|Any CPU
		{0ACC6BCC-EEC0-4E97-AF52-060FDB7E4DC2}.Release|x64.ActiveCfg = Release|Any CPU
		{0ACC6BCC-EEC0-4E97-AF52-060FDB7E4DC2}.Release|x64.Build.0 = Release|Any CPU
		{0ACC6BCC-EEC0-4E97-AF52-060FDB7E4DC2}.Release|x86.ActiveCfg = Release|Any CPU
		{0ACC6BCC-EEC0-4E97-AF52-060FDB7E4DC2}.Release|x86.Build.0 = Release|Any CPU
		{E2BA75BF-C535-46B9-A180-E10533A1C1D1}.Analysis|Any CPU.ActiveCfg = Release|Any CPU
		{E2BA75BF-C535-46B9-A180-E10533A1C1D1}.Analysis|ARM.ActiveCfg = Release|Any CPU
		{E2BA75BF-C535-46B9-A180-E10533A1C1D1}.Analysis|ARM64.ActiveCfg = Release|Any CPU
		{E2BA75BF-C535-46B9-A180-E10533A1C1D1}.Analysis|x64.ActiveCfg = Release|Any CPU
		{E2BA75BF-C535-46B9-A180-E10533A1C1D1}.Analysis|x86.ActiveCfg = Release|Any CPU
		{E2BA75BF-C535-46B9-A180-E10533A1C1D1}.Debug|Any CPU.ActiveCfg = Debug|Any CPU
		{E2BA75BF-C535-46B9-A180-E10533A1C1D1}.Debug|Any CPU.Build.0 = Debug|Any CPU
		{E2BA75BF-C535-46B9-A180-E10533A1C1D1}.Debug|ARM.ActiveCfg = Debug|Any CPU
		{E2BA75BF-C535-46B9-A180-E10533A1C1D1}.Debug|ARM.Build.0 = Debug|Any CPU
		{E2BA75BF-C535-46B9-A180-E10533A1C1D1}.Debug|ARM64.ActiveCfg = Debug|Any CPU
		{E2BA75BF-C535-46B9-A180-E10533A1C1D1}.Debug|ARM64.Build.0 = Debug|Any CPU
		{E2BA75BF-C535-46B9-A180-E10533A1C1D1}.Debug|x64.ActiveCfg = Debug|Any CPU
		{E2BA75BF-C535-46B9-A180-E10533A1C1D1}.Debug|x64.Build.0 = Debug|Any CPU
		{E2BA75BF-C535-46B9-A180-E10533A1C1D1}.Debug|x86.ActiveCfg = Debug|Any CPU
		{E2BA75BF-C535-46B9-A180-E10533A1C1D1}.Debug|x86.Build.0 = Debug|Any CPU
		{E2BA75BF-C535-46B9-A180-E10533A1C1D1}.Release|Any CPU.ActiveCfg = Release|Any CPU
		{E2BA75BF-C535-46B9-A180-E10533A1C1D1}.Release|Any CPU.Build.0 = Release|Any CPU
		{E2BA75BF-C535-46B9-A180-E10533A1C1D1}.Release|ARM.ActiveCfg = Release|Any CPU
		{E2BA75BF-C535-46B9-A180-E10533A1C1D1}.Release|ARM.Build.0 = Release|Any CPU
		{E2BA75BF-C535-46B9-A180-E10533A1C1D1}.Release|ARM64.ActiveCfg = Release|Any CPU
		{E2BA75BF-C535-46B9-A180-E10533A1C1D1}.Release|ARM64.Build.0 = Release|Any CPU
		{E2BA75BF-C535-46B9-A180-E10533A1C1D1}.Release|x64.ActiveCfg = Release|Any CPU
		{E2BA75BF-C535-46B9-A180-E10533A1C1D1}.Release|x64.Build.0 = Release|Any CPU
		{E2BA75BF-C535-46B9-A180-E10533A1C1D1}.Release|x86.ActiveCfg = Release|Any CPU
		{E2BA75BF-C535-46B9-A180-E10533A1C1D1}.Release|x86.Build.0 = Release|Any CPU
		{BB9DEC4E-A9FC-4956-A224-9E6F1735ACA2}.Analysis|Any CPU.ActiveCfg = Release|Any CPU
		{BB9DEC4E-A9FC-4956-A224-9E6F1735ACA2}.Analysis|Any CPU.Build.0 = Release|Any CPU
		{BB9DEC4E-A9FC-4956-A224-9E6F1735ACA2}.Analysis|ARM.ActiveCfg = Release|Any CPU
		{BB9DEC4E-A9FC-4956-A224-9E6F1735ACA2}.Analysis|ARM.Build.0 = Release|Any CPU
		{BB9DEC4E-A9FC-4956-A224-9E6F1735ACA2}.Analysis|ARM64.ActiveCfg = Release|Any CPU
		{BB9DEC4E-A9FC-4956-A224-9E6F1735ACA2}.Analysis|ARM64.Build.0 = Release|Any CPU
		{BB9DEC4E-A9FC-4956-A224-9E6F1735ACA2}.Analysis|x64.ActiveCfg = Release|Any CPU
		{BB9DEC4E-A9FC-4956-A224-9E6F1735ACA2}.Analysis|x64.Build.0 = Release|Any CPU
		{BB9DEC4E-A9FC-4956-A224-9E6F1735ACA2}.Analysis|x86.ActiveCfg = Release|Any CPU
		{BB9DEC4E-A9FC-4956-A224-9E6F1735ACA2}.Analysis|x86.Build.0 = Release|Any CPU
		{BB9DEC4E-A9FC-4956-A224-9E6F1735ACA2}.Debug|Any CPU.ActiveCfg = Debug|Any CPU
		{BB9DEC4E-A9FC-4956-A224-9E6F1735ACA2}.Debug|Any CPU.Build.0 = Debug|Any CPU
		{BB9DEC4E-A9FC-4956-A224-9E6F1735ACA2}.Debug|ARM.ActiveCfg = Debug|Any CPU
		{BB9DEC4E-A9FC-4956-A224-9E6F1735ACA2}.Debug|ARM.Build.0 = Debug|Any CPU
		{BB9DEC4E-A9FC-4956-A224-9E6F1735ACA2}.Debug|ARM64.ActiveCfg = Debug|Any CPU
		{BB9DEC4E-A9FC-4956-A224-9E6F1735ACA2}.Debug|ARM64.Build.0 = Debug|Any CPU
		{BB9DEC4E-A9FC-4956-A224-9E6F1735ACA2}.Debug|x64.ActiveCfg = Debug|Any CPU
		{BB9DEC4E-A9FC-4956-A224-9E6F1735ACA2}.Debug|x64.Build.0 = Debug|Any CPU
		{BB9DEC4E-A9FC-4956-A224-9E6F1735ACA2}.Debug|x86.ActiveCfg = Debug|Any CPU
		{BB9DEC4E-A9FC-4956-A224-9E6F1735ACA2}.Debug|x86.Build.0 = Debug|Any CPU
		{BB9DEC4E-A9FC-4956-A224-9E6F1735ACA2}.Release|Any CPU.ActiveCfg = Release|Any CPU
		{BB9DEC4E-A9FC-4956-A224-9E6F1735ACA2}.Release|Any CPU.Build.0 = Release|Any CPU
		{BB9DEC4E-A9FC-4956-A224-9E6F1735ACA2}.Release|ARM.ActiveCfg = Release|Any CPU
		{BB9DEC4E-A9FC-4956-A224-9E6F1735ACA2}.Release|ARM.Build.0 = Release|Any CPU
		{BB9DEC4E-A9FC-4956-A224-9E6F1735ACA2}.Release|ARM64.ActiveCfg = Release|Any CPU
		{BB9DEC4E-A9FC-4956-A224-9E6F1735ACA2}.Release|ARM64.Build.0 = Release|Any CPU
		{BB9DEC4E-A9FC-4956-A224-9E6F1735ACA2}.Release|x64.ActiveCfg = Release|Any CPU
		{BB9DEC4E-A9FC-4956-A224-9E6F1735ACA2}.Release|x64.Build.0 = Release|Any CPU
		{BB9DEC4E-A9FC-4956-A224-9E6F1735ACA2}.Release|x86.ActiveCfg = Release|Any CPU
		{BB9DEC4E-A9FC-4956-A224-9E6F1735ACA2}.Release|x86.Build.0 = Release|Any CPU
		{ED0A8A05-7AF2-4774-A070-17B89EE5C86B}.Analysis|Any CPU.ActiveCfg = Release|Any CPU
		{ED0A8A05-7AF2-4774-A070-17B89EE5C86B}.Analysis|Any CPU.Build.0 = Release|Any CPU
		{ED0A8A05-7AF2-4774-A070-17B89EE5C86B}.Analysis|ARM.ActiveCfg = Release|Any CPU
		{ED0A8A05-7AF2-4774-A070-17B89EE5C86B}.Analysis|ARM.Build.0 = Release|Any CPU
		{ED0A8A05-7AF2-4774-A070-17B89EE5C86B}.Analysis|ARM64.ActiveCfg = Release|Any CPU
		{ED0A8A05-7AF2-4774-A070-17B89EE5C86B}.Analysis|ARM64.Build.0 = Release|Any CPU
		{ED0A8A05-7AF2-4774-A070-17B89EE5C86B}.Analysis|x64.ActiveCfg = Release|Any CPU
		{ED0A8A05-7AF2-4774-A070-17B89EE5C86B}.Analysis|x64.Build.0 = Release|Any CPU
		{ED0A8A05-7AF2-4774-A070-17B89EE5C86B}.Analysis|x86.ActiveCfg = Release|Any CPU
		{ED0A8A05-7AF2-4774-A070-17B89EE5C86B}.Analysis|x86.Build.0 = Release|Any CPU
		{ED0A8A05-7AF2-4774-A070-17B89EE5C86B}.Debug|Any CPU.ActiveCfg = Debug|Any CPU
		{ED0A8A05-7AF2-4774-A070-17B89EE5C86B}.Debug|Any CPU.Build.0 = Debug|Any CPU
		{ED0A8A05-7AF2-4774-A070-17B89EE5C86B}.Debug|ARM.ActiveCfg = Debug|Any CPU
		{ED0A8A05-7AF2-4774-A070-17B89EE5C86B}.Debug|ARM.Build.0 = Debug|Any CPU
		{ED0A8A05-7AF2-4774-A070-17B89EE5C86B}.Debug|ARM64.ActiveCfg = Debug|Any CPU
		{ED0A8A05-7AF2-4774-A070-17B89EE5C86B}.Debug|ARM64.Build.0 = Debug|Any CPU
		{ED0A8A05-7AF2-4774-A070-17B89EE5C86B}.Debug|x64.ActiveCfg = Debug|Any CPU
		{ED0A8A05-7AF2-4774-A070-17B89EE5C86B}.Debug|x64.Build.0 = Debug|Any CPU
		{ED0A8A05-7AF2-4774-A070-17B89EE5C86B}.Debug|x86.ActiveCfg = Debug|Any CPU
		{ED0A8A05-7AF2-4774-A070-17B89EE5C86B}.Debug|x86.Build.0 = Debug|Any CPU
		{ED0A8A05-7AF2-4774-A070-17B89EE5C86B}.Release|Any CPU.ActiveCfg = Release|Any CPU
		{ED0A8A05-7AF2-4774-A070-17B89EE5C86B}.Release|Any CPU.Build.0 = Release|Any CPU
		{ED0A8A05-7AF2-4774-A070-17B89EE5C86B}.Release|ARM.ActiveCfg = Release|Any CPU
		{ED0A8A05-7AF2-4774-A070-17B89EE5C86B}.Release|ARM.Build.0 = Release|Any CPU
		{ED0A8A05-7AF2-4774-A070-17B89EE5C86B}.Release|ARM64.ActiveCfg = Release|Any CPU
		{ED0A8A05-7AF2-4774-A070-17B89EE5C86B}.Release|ARM64.Build.0 = Release|Any CPU
		{ED0A8A05-7AF2-4774-A070-17B89EE5C86B}.Release|x64.ActiveCfg = Release|Any CPU
		{ED0A8A05-7AF2-4774-A070-17B89EE5C86B}.Release|x64.Build.0 = Release|Any CPU
		{ED0A8A05-7AF2-4774-A070-17B89EE5C86B}.Release|x86.ActiveCfg = Release|Any CPU
		{ED0A8A05-7AF2-4774-A070-17B89EE5C86B}.Release|x86.Build.0 = Release|Any CPU
		{34186C3B-C308-4CAE-B462-DB7B5F5E378C}.Analysis|Any CPU.ActiveCfg = Analysis|Any CPU
		{34186C3B-C308-4CAE-B462-DB7B5F5E378C}.Analysis|Any CPU.Build.0 = Analysis|Any CPU
		{34186C3B-C308-4CAE-B462-DB7B5F5E378C}.Analysis|ARM.ActiveCfg = Analysis|Any CPU
		{34186C3B-C308-4CAE-B462-DB7B5F5E378C}.Analysis|ARM.Build.0 = Analysis|Any CPU
		{34186C3B-C308-4CAE-B462-DB7B5F5E378C}.Analysis|ARM64.ActiveCfg = Analysis|Any CPU
		{34186C3B-C308-4CAE-B462-DB7B5F5E378C}.Analysis|ARM64.Build.0 = Analysis|Any CPU
		{34186C3B-C308-4CAE-B462-DB7B5F5E378C}.Analysis|x64.ActiveCfg = Analysis|Any CPU
		{34186C3B-C308-4CAE-B462-DB7B5F5E378C}.Analysis|x64.Build.0 = Analysis|Any CPU
		{34186C3B-C308-4CAE-B462-DB7B5F5E378C}.Analysis|x86.ActiveCfg = Analysis|Any CPU
		{34186C3B-C308-4CAE-B462-DB7B5F5E378C}.Analysis|x86.Build.0 = Analysis|Any CPU
		{34186C3B-C308-4CAE-B462-DB7B5F5E378C}.Debug|Any CPU.ActiveCfg = Debug|Any CPU
		{34186C3B-C308-4CAE-B462-DB7B5F5E378C}.Debug|Any CPU.Build.0 = Debug|Any CPU
		{34186C3B-C308-4CAE-B462-DB7B5F5E378C}.Debug|ARM.ActiveCfg = Debug|Any CPU
		{34186C3B-C308-4CAE-B462-DB7B5F5E378C}.Debug|ARM.Build.0 = Debug|Any CPU
		{34186C3B-C308-4CAE-B462-DB7B5F5E378C}.Debug|ARM64.ActiveCfg = Debug|Any CPU
		{34186C3B-C308-4CAE-B462-DB7B5F5E378C}.Debug|ARM64.Build.0 = Debug|Any CPU
		{34186C3B-C308-4CAE-B462-DB7B5F5E378C}.Debug|x64.ActiveCfg = Debug|Any CPU
		{34186C3B-C308-4CAE-B462-DB7B5F5E378C}.Debug|x64.Build.0 = Debug|Any CPU
		{34186C3B-C308-4CAE-B462-DB7B5F5E378C}.Debug|x86.ActiveCfg = Debug|Any CPU
		{34186C3B-C308-4CAE-B462-DB7B5F5E378C}.Debug|x86.Build.0 = Debug|Any CPU
		{34186C3B-C308-4CAE-B462-DB7B5F5E378C}.Release|Any CPU.ActiveCfg = Release|Any CPU
		{34186C3B-C308-4CAE-B462-DB7B5F5E378C}.Release|Any CPU.Build.0 = Release|Any CPU
		{34186C3B-C308-4CAE-B462-DB7B5F5E378C}.Release|ARM.ActiveCfg = Release|Any CPU
		{34186C3B-C308-4CAE-B462-DB7B5F5E378C}.Release|ARM.Build.0 = Release|Any CPU
		{34186C3B-C308-4CAE-B462-DB7B5F5E378C}.Release|ARM64.ActiveCfg = Release|Any CPU
		{34186C3B-C308-4CAE-B462-DB7B5F5E378C}.Release|ARM64.Build.0 = Release|Any CPU
		{34186C3B-C308-4CAE-B462-DB7B5F5E378C}.Release|x64.ActiveCfg = Release|Any CPU
		{34186C3B-C308-4CAE-B462-DB7B5F5E378C}.Release|x64.Build.0 = Release|Any CPU
		{34186C3B-C308-4CAE-B462-DB7B5F5E378C}.Release|x86.ActiveCfg = Release|Any CPU
		{34186C3B-C308-4CAE-B462-DB7B5F5E378C}.Release|x86.Build.0 = Release|Any CPU
	EndGlobalSection
	GlobalSection(SolutionProperties) = preSolution
		HideSolutionNode = FALSE
	EndGlobalSection
	GlobalSection(NestedProjects) = preSolution
		{1CC6DEA6-1F9C-4246-8A15-D082BBD9D47D} = {FA2E7343-CD16-496C-8D31-16ADBAF6BC0E}
		{6D6B4243-464A-4022-92A3-90B5E907411A} = {65913D07-03A6-4B98-8388-FEBB1146CEFD}
		{41B6BE22-8740-4E56-8A61-F85BB3AC6954} = {65913D07-03A6-4B98-8388-FEBB1146CEFD}
		{4DCBC32B-37CE-419F-AC75-219CF147D388} = {6D6B4243-464A-4022-92A3-90B5E907411A}
		{778463F6-E82E-47F7-B416-9F16B93C69A2} = {6D6B4243-464A-4022-92A3-90B5E907411A}
		{0196A3D3-8E3F-4957-A6F1-D4CF1B0218C0} = {6D6B4243-464A-4022-92A3-90B5E907411A}
		{45095CB8-1460-4713-9862-985C2E47C88F} = {6D6B4243-464A-4022-92A3-90B5E907411A}
		{134B568C-DA9A-4679-B36E-1FF8554F5AAF} = {F812ECE7-0FE9-4761-977C-0F570E126A9E}
		{23EC7E57-CC28-4F39-BC6A-FFD8150E4F1B} = {F812ECE7-0FE9-4761-977C-0F570E126A9E}
		{3FDBCE4D-046B-4583-B8B1-281A4FAAAD21} = {301E0DFC-ECF4-4718-BC1B-74F5185DDE4B}
		{7BD10E86-574A-457F-A433-DEC5ABD84752} = {301E0DFC-ECF4-4718-BC1B-74F5185DDE4B}
		{DF8E8E15-5B3B-4DA3-BBFA-16AA22C8343D} = {F812ECE7-0FE9-4761-977C-0F570E126A9E}
		{CAAFB30C-5157-4764-9104-EB75F18F60DF} = {211DF6C3-3586-4E19-AC7C-A0470646D7E2}
		{F8FCB475-7EC9-464F-8565-9F7A126ECBD2} = {FA2E7343-CD16-496C-8D31-16ADBAF6BC0E}
		{231B08FA-73A2-42C4-9E3D-3EB52956A42E} = {211DF6C3-3586-4E19-AC7C-A0470646D7E2}
		{74934851-48A4-4415-A19B-F8202FF3C6CE} = {301E0DFC-ECF4-4718-BC1B-74F5185DDE4B}
		{60123892-51E8-433F-B1FE-F84B0EB15D07} = {FA2E7343-CD16-496C-8D31-16ADBAF6BC0E}
		{6D1D936F-E2FB-4F19-9CD3-CAC91EF2067A} = {FA2E7343-CD16-496C-8D31-16ADBAF6BC0E}
		{289706EA-70CE-493B-AF15-1755902EF3DD} = {F812ECE7-0FE9-4761-977C-0F570E126A9E}
		{0ACC6BCC-EEC0-4E97-AF52-060FDB7E4DC2} = {F812ECE7-0FE9-4761-977C-0F570E126A9E}
		{E2BA75BF-C535-46B9-A180-E10533A1C1D1} = {F812ECE7-0FE9-4761-977C-0F570E126A9E}
		{BB9DEC4E-A9FC-4956-A224-9E6F1735ACA2} = {211DF6C3-3586-4E19-AC7C-A0470646D7E2}
		{ED0A8A05-7AF2-4774-A070-17B89EE5C86B} = {F812ECE7-0FE9-4761-977C-0F570E126A9E}
		{34186C3B-C308-4CAE-B462-DB7B5F5E378C} = {F812ECE7-0FE9-4761-977C-0F570E126A9E}
	EndGlobalSection
	GlobalSection(ExtensibilityGlobals) = postSolution
		SolutionGuid = {D823C4A6-807C-4F0A-A520-932433831D10}
	EndGlobalSection
EndGlobal
