
Microsoft Visual Studio Solution File, Format Version 12.00
# Visual Studio Version 17
VisualStudioVersion = 17.0.32112.339
MinimumVisualStudioVersion = 10.0.40219.1
Project("{9A19103F-16F7-4668-BE54-9A1E7A4F7556}") = "beta", "beta\beta.csproj", "{1CC6DEA6-1F9C-4246-8A15-D082BBD9D47D}"
EndProject
Project("{2150E333-8FDC-42A3-9474-1A3956D46DE8}") = "API", "API", "{65913D07-03A6-4B98-8388-FEBB1146CEFD}"
EndProject
Project("{2150E333-8FDC-42A3-9474-1A3956D46DE8}") = "Common", "Common", "{6D6B4243-464A-4022-92A3-90B5E907411A}"
EndProject
Project("{2150E333-8FDC-42A3-9474-1A3956D46DE8}") = "Services", "Services", "{41B6BE22-8740-4E56-8A61-F85BB3AC6954}"
EndProject
Project("{9A19103F-16F7-4668-BE54-9A1E7A4F7556}") = "FAF.API.Domain", "FAF.API.Domain\FAF.API.Domain.csproj", "{4DCBC32B-37CE-419F-AC75-219CF147D388}"
EndProject
Project("{9A19103F-16F7-4668-BE54-9A1E7A4F7556}") = "FAF.API.Domain.Base", "FAF.API.Domain.Base\FAF.API.Domain.Base.csproj", "{778463F6-E82E-47F7-B416-9F16B93C69A2}"
EndProject
Project("{9A19103F-16F7-4668-BE54-9A1E7A4F7556}") = "FAF.API.Domain.Forum", "FAF.API.Domain.Forum\FAF.API.Domain.Forum.csproj", "{0196A3D3-8E3F-4957-A6F1-D4CF1B0218C0}"
EndProject
Project("{9A19103F-16F7-4668-BE54-9A1E7A4F7556}") = "FAF.API.Domain.Direct", "FAF.API.Domain.Direct\FAF.API.Domain.Direct.csproj", "{45095CB8-1460-4713-9862-985C2E47C88F}"
EndProject
Project("{2150E333-8FDC-42A3-9474-1A3956D46DE8}") = "Other stuff", "Other stuff", "{F812ECE7-0FE9-4761-977C-0F570E126A9E}"
EndProject
Project("{9A19103F-16F7-4668-BE54-9A1E7A4F7556}") = "ReplayParser", "ReplayParser\ReplayParser.csproj", "{134B568C-DA9A-4679-B36E-1FF8554F5AAF}"
EndProject
Project("{2150E333-8FDC-42A3-9474-1A3956D46DE8}") = "Common", "Common", "{301E0DFC-ECF4-4718-BC1B-74F5185DDE4B}"
EndProject
Project("{9A19103F-16F7-4668-BE54-9A1E7A4F7556}") = "LiveChartsSamples", "LiveChartsSamples\LiveChartsSamples.csproj", "{23EC7E57-CC28-4F39-BC6A-FFD8150E4F1B}"
EndProject
Project("{9A19103F-16F7-4668-BE54-9A1E7A4F7556}") = "MapVizualizator", "MapVizualizator\MapVizualizator.csproj", "{C90CC07D-A3F8-48F8-B20A-B641482085C4}"
EndProject
Project("{9A19103F-16F7-4668-BE54-9A1E7A4F7556}") = "FAF.Domain", "FAF.Domain\FAF.Domain.csproj", "{3FDBCE4D-046B-4583-B8B1-281A4FAAAD21}"
EndProject
Project("{9A19103F-16F7-4668-BE54-9A1E7A4F7556}") = "FAF.Domain.LobbyServer", "FAF.Domain.LobbyServer\FAF.Domain.LobbyServer.csproj", "{7BD10E86-574A-457F-A433-DEC5ABD84752}"
EndProject
Project("{9A19103F-16F7-4668-BE54-9A1E7A4F7556}") = "VisualStateTests", "VisualStateTests\VisualStateTests.csproj", "{DF8E8E15-5B3B-4DA3-BBFA-16AA22C8343D}"
EndProject
Project("{2150E333-8FDC-42A3-9474-1A3956D46DE8}") = "UI", "UI", "{FA2E7343-CD16-496C-8D31-16ADBAF6BC0E}"
EndProject
Project("{2150E333-8FDC-42A3-9474-1A3956D46DE8}") = "Services", "Services", "{211DF6C3-3586-4E19-AC7C-A0470646D7E2}"
EndProject
Project("{9A19103F-16F7-4668-BE54-9A1E7A4F7556}") = "Ethereal.FAF.LobbyServer", "Ethereal.FAF.LobbyServer\Ethereal.FAF.LobbyServer.csproj", "{CAAFB30C-5157-4764-9104-EB75F18F60DF}"
EndProject
Project("{FAE04EC0-301F-11D3-BF4B-00C04F79EFBC}") = "WpfApp1", "WpfApp1\WpfApp1.csproj", "{330023F5-7B67-4ED7-BBA3-0AC6CD1C267B}"
EndProject
Project("{9A19103F-16F7-4668-BE54-9A1E7A4F7556}") = "Ethereal.FAF.UI.Client", "Ethereal.FAF.UI.Client\Ethereal.FAF.UI.Client.csproj", "{F8FCB475-7EC9-464F-8565-9F7A126ECBD2}"
EndProject
Project("{FAE04EC0-301F-11D3-BF4B-00C04F79EFBC}") = "Ethereal.FAF.API.Client", "Ethereal.FAF.API.Client\Ethereal.FAF.API.Client.csproj", "{231B08FA-73A2-42C4-9E3D-3EB52956A42E}"
EndProject
Global
	GlobalSection(SolutionConfigurationPlatforms) = preSolution
		Debug|Any CPU = Debug|Any CPU
		Release|Any CPU = Release|Any CPU
	EndGlobalSection
	GlobalSection(ProjectConfigurationPlatforms) = postSolution
		{1CC6DEA6-1F9C-4246-8A15-D082BBD9D47D}.Debug|Any CPU.ActiveCfg = Debug|Any CPU
		{1CC6DEA6-1F9C-4246-8A15-D082BBD9D47D}.Debug|Any CPU.Build.0 = Debug|Any CPU
		{1CC6DEA6-1F9C-4246-8A15-D082BBD9D47D}.Release|Any CPU.ActiveCfg = Release|Any CPU
		{1CC6DEA6-1F9C-4246-8A15-D082BBD9D47D}.Release|Any CPU.Build.0 = Release|Any CPU
		{4DCBC32B-37CE-419F-AC75-219CF147D388}.Debug|Any CPU.ActiveCfg = Debug|Any CPU
		{4DCBC32B-37CE-419F-AC75-219CF147D388}.Debug|Any CPU.Build.0 = Debug|Any CPU
		{4DCBC32B-37CE-419F-AC75-219CF147D388}.Release|Any CPU.ActiveCfg = Release|Any CPU
		{4DCBC32B-37CE-419F-AC75-219CF147D388}.Release|Any CPU.Build.0 = Release|Any CPU
		{778463F6-E82E-47F7-B416-9F16B93C69A2}.Debug|Any CPU.ActiveCfg = Debug|Any CPU
		{778463F6-E82E-47F7-B416-9F16B93C69A2}.Debug|Any CPU.Build.0 = Debug|Any CPU
		{778463F6-E82E-47F7-B416-9F16B93C69A2}.Release|Any CPU.ActiveCfg = Release|Any CPU
		{778463F6-E82E-47F7-B416-9F16B93C69A2}.Release|Any CPU.Build.0 = Release|Any CPU
		{0196A3D3-8E3F-4957-A6F1-D4CF1B0218C0}.Debug|Any CPU.ActiveCfg = Debug|Any CPU
		{0196A3D3-8E3F-4957-A6F1-D4CF1B0218C0}.Debug|Any CPU.Build.0 = Debug|Any CPU
		{0196A3D3-8E3F-4957-A6F1-D4CF1B0218C0}.Release|Any CPU.ActiveCfg = Release|Any CPU
		{0196A3D3-8E3F-4957-A6F1-D4CF1B0218C0}.Release|Any CPU.Build.0 = Release|Any CPU
		{45095CB8-1460-4713-9862-985C2E47C88F}.Debug|Any CPU.ActiveCfg = Debug|Any CPU
		{45095CB8-1460-4713-9862-985C2E47C88F}.Debug|Any CPU.Build.0 = Debug|Any CPU
		{45095CB8-1460-4713-9862-985C2E47C88F}.Release|Any CPU.ActiveCfg = Release|Any CPU
		{45095CB8-1460-4713-9862-985C2E47C88F}.Release|Any CPU.Build.0 = Release|Any CPU
		{134B568C-DA9A-4679-B36E-1FF8554F5AAF}.Debug|Any CPU.ActiveCfg = Debug|Any CPU
		{134B568C-DA9A-4679-B36E-1FF8554F5AAF}.Debug|Any CPU.Build.0 = Debug|Any CPU
		{134B568C-DA9A-4679-B36E-1FF8554F5AAF}.Release|Any CPU.ActiveCfg = Release|Any CPU
		{134B568C-DA9A-4679-B36E-1FF8554F5AAF}.Release|Any CPU.Build.0 = Release|Any CPU
		{23EC7E57-CC28-4F39-BC6A-FFD8150E4F1B}.Debug|Any CPU.ActiveCfg = Debug|Any CPU
		{23EC7E57-CC28-4F39-BC6A-FFD8150E4F1B}.Debug|Any CPU.Build.0 = Debug|Any CPU
		{23EC7E57-CC28-4F39-BC6A-FFD8150E4F1B}.Release|Any CPU.ActiveCfg = Release|Any CPU
		{23EC7E57-CC28-4F39-BC6A-FFD8150E4F1B}.Release|Any CPU.Build.0 = Release|Any CPU
		{C90CC07D-A3F8-48F8-B20A-B641482085C4}.Debug|Any CPU.ActiveCfg = Debug|Any CPU
		{C90CC07D-A3F8-48F8-B20A-B641482085C4}.Debug|Any CPU.Build.0 = Debug|Any CPU
		{C90CC07D-A3F8-48F8-B20A-B641482085C4}.Release|Any CPU.ActiveCfg = Release|Any CPU
		{C90CC07D-A3F8-48F8-B20A-B641482085C4}.Release|Any CPU.Build.0 = Release|Any CPU
		{3FDBCE4D-046B-4583-B8B1-281A4FAAAD21}.Debug|Any CPU.ActiveCfg = Debug|Any CPU
		{3FDBCE4D-046B-4583-B8B1-281A4FAAAD21}.Debug|Any CPU.Build.0 = Debug|Any CPU
		{3FDBCE4D-046B-4583-B8B1-281A4FAAAD21}.Release|Any CPU.ActiveCfg = Release|Any CPU
		{3FDBCE4D-046B-4583-B8B1-281A4FAAAD21}.Release|Any CPU.Build.0 = Release|Any CPU
		{7BD10E86-574A-457F-A433-DEC5ABD84752}.Debug|Any CPU.ActiveCfg = Debug|Any CPU
		{7BD10E86-574A-457F-A433-DEC5ABD84752}.Debug|Any CPU.Build.0 = Debug|Any CPU
		{7BD10E86-574A-457F-A433-DEC5ABD84752}.Release|Any CPU.ActiveCfg = Release|Any CPU
		{7BD10E86-574A-457F-A433-DEC5ABD84752}.Release|Any CPU.Build.0 = Release|Any CPU
		{DF8E8E15-5B3B-4DA3-BBFA-16AA22C8343D}.Debug|Any CPU.ActiveCfg = Debug|Any CPU
		{DF8E8E15-5B3B-4DA3-BBFA-16AA22C8343D}.Debug|Any CPU.Build.0 = Debug|Any CPU
		{DF8E8E15-5B3B-4DA3-BBFA-16AA22C8343D}.Release|Any CPU.ActiveCfg = Release|Any CPU
		{DF8E8E15-5B3B-4DA3-BBFA-16AA22C8343D}.Release|Any CPU.Build.0 = Release|Any CPU
		{CAAFB30C-5157-4764-9104-EB75F18F60DF}.Debug|Any CPU.ActiveCfg = Debug|Any CPU
		{CAAFB30C-5157-4764-9104-EB75F18F60DF}.Debug|Any CPU.Build.0 = Debug|Any CPU
		{CAAFB30C-5157-4764-9104-EB75F18F60DF}.Release|Any CPU.ActiveCfg = Release|Any CPU
		{CAAFB30C-5157-4764-9104-EB75F18F60DF}.Release|Any CPU.Build.0 = Release|Any CPU
		{330023F5-7B67-4ED7-BBA3-0AC6CD1C267B}.Debug|Any CPU.ActiveCfg = Debug|Any CPU
		{330023F5-7B67-4ED7-BBA3-0AC6CD1C267B}.Debug|Any CPU.Build.0 = Debug|Any CPU
		{330023F5-7B67-4ED7-BBA3-0AC6CD1C267B}.Release|Any CPU.ActiveCfg = Release|Any CPU
		{330023F5-7B67-4ED7-BBA3-0AC6CD1C267B}.Release|Any CPU.Build.0 = Release|Any CPU
		{F8FCB475-7EC9-464F-8565-9F7A126ECBD2}.Debug|Any CPU.ActiveCfg = Debug|Any CPU
		{F8FCB475-7EC9-464F-8565-9F7A126ECBD2}.Debug|Any CPU.Build.0 = Debug|Any CPU
		{F8FCB475-7EC9-464F-8565-9F7A126ECBD2}.Release|Any CPU.ActiveCfg = Release|Any CPU
		{F8FCB475-7EC9-464F-8565-9F7A126ECBD2}.Release|Any CPU.Build.0 = Release|Any CPU
		{231B08FA-73A2-42C4-9E3D-3EB52956A42E}.Debug|Any CPU.ActiveCfg = Debug|Any CPU
		{231B08FA-73A2-42C4-9E3D-3EB52956A42E}.Debug|Any CPU.Build.0 = Debug|Any CPU
		{231B08FA-73A2-42C4-9E3D-3EB52956A42E}.Release|Any CPU.ActiveCfg = Release|Any CPU
		{231B08FA-73A2-42C4-9E3D-3EB52956A42E}.Release|Any CPU.Build.0 = Release|Any CPU
	EndGlobalSection
	GlobalSection(SolutionProperties) = preSolution
		HideSolutionNode = FALSE
	EndGlobalSection
	GlobalSection(NestedProjects) = preSolution
		{1CC6DEA6-1F9C-4246-8A15-D082BBD9D47D} = {FA2E7343-CD16-496C-8D31-16ADBAF6BC0E}
		{6D6B4243-464A-4022-92A3-90B5E907411A} = {65913D07-03A6-4B98-8388-FEBB1146CEFD}
		{41B6BE22-8740-4E56-8A61-F85BB3AC6954} = {65913D07-03A6-4B98-8388-FEBB1146CEFD}
		{4DCBC32B-37CE-419F-AC75-219CF147D388} = {6D6B4243-464A-4022-92A3-90B5E907411A}
		{778463F6-E82E-47F7-B416-9F16B93C69A2} = {6D6B4243-464A-4022-92A3-90B5E907411A}
		{0196A3D3-8E3F-4957-A6F1-D4CF1B0218C0} = {6D6B4243-464A-4022-92A3-90B5E907411A}
		{45095CB8-1460-4713-9862-985C2E47C88F} = {6D6B4243-464A-4022-92A3-90B5E907411A}
		{134B568C-DA9A-4679-B36E-1FF8554F5AAF} = {F812ECE7-0FE9-4761-977C-0F570E126A9E}
		{23EC7E57-CC28-4F39-BC6A-FFD8150E4F1B} = {F812ECE7-0FE9-4761-977C-0F570E126A9E}
		{C90CC07D-A3F8-48F8-B20A-B641482085C4} = {F812ECE7-0FE9-4761-977C-0F570E126A9E}
		{3FDBCE4D-046B-4583-B8B1-281A4FAAAD21} = {301E0DFC-ECF4-4718-BC1B-74F5185DDE4B}
		{7BD10E86-574A-457F-A433-DEC5ABD84752} = {301E0DFC-ECF4-4718-BC1B-74F5185DDE4B}
		{DF8E8E15-5B3B-4DA3-BBFA-16AA22C8343D} = {F812ECE7-0FE9-4761-977C-0F570E126A9E}
		{CAAFB30C-5157-4764-9104-EB75F18F60DF} = {211DF6C3-3586-4E19-AC7C-A0470646D7E2}
		{330023F5-7B67-4ED7-BBA3-0AC6CD1C267B} = {F812ECE7-0FE9-4761-977C-0F570E126A9E}
		{F8FCB475-7EC9-464F-8565-9F7A126ECBD2} = {FA2E7343-CD16-496C-8D31-16ADBAF6BC0E}
		{231B08FA-73A2-42C4-9E3D-3EB52956A42E} = {211DF6C3-3586-4E19-AC7C-A0470646D7E2}
	EndGlobalSection
	GlobalSection(ExtensibilityGlobals) = postSolution
		SolutionGuid = {D823C4A6-807C-4F0A-A520-932433831D10}
	EndGlobalSection
EndGlobal
