
Microsoft Visual Studio Solution File, Format Version 12.00
# Visual Studio Version 17
VisualStudioVersion = 17.0.32112.339
MinimumVisualStudioVersion = 10.0.40219.1
Project("{2150E333-8FDC-42A3-9474-1A3956D46DE8}") = "API", "API", "{65913D07-03A6-4B98-8388-FEBB1146CEFD}"
EndProject
Project("{2150E333-8FDC-42A3-9474-1A3956D46DE8}") = "Common", "Common", "{6D6B4243-464A-4022-92A3-90B5E907411A}"
EndProject
Project("{2150E333-8FDC-42A3-9474-1A3956D46DE8}") = "Services", "Services", "{41B6BE22-8740-4E56-8A61-F85BB3AC6954}"
EndProject
Project("{9A19103F-16F7-4668-BE54-9A1E7A4F7556}") = "FAF.API.Domain.Direct", "FAF.API.Domain.Direct\FAF.API.Domain.Direct.csproj", "{45095CB8-1460-4713-9862-985C2E47C88F}"
EndProject
Project("{2150E333-8FDC-42A3-9474-1A3956D46DE8}") = "Other stuff", "Other stuff", "{F812ECE7-0FE9-4761-977C-0F570E126A9E}"
EndProject
Project("{2150E333-8FDC-42A3-9474-1A3956D46DE8}") = "Common", "Common", "{301E0DFC-ECF4-4718-BC1B-74F5185DDE4B}"
EndProject
Project("{9A19103F-16F7-4668-BE54-9A1E7A4F7556}") = "FAF.Domain.LobbyServer", "FAF.Domain.LobbyServer\FAF.Domain.LobbyServer.csproj", "{7BD10E86-574A-457F-A433-DEC5ABD84752}"
EndProject
Project("{2150E333-8FDC-42A3-9474-1A3956D46DE8}") = "UI", "UI", "{FA2E7343-CD16-496C-8D31-16ADBAF6BC0E}"
	ProjectSection(SolutionItems) = preProject
		CHANGELOG.md = CHANGELOG.md
	EndProjectSection
EndProject
Project("{2150E333-8FDC-42A3-9474-1A3956D46DE8}") = "Services", "Services", "{211DF6C3-3586-4E19-AC7C-A0470646D7E2}"
EndProject
Project("{9A19103F-16F7-4668-BE54-9A1E7A4F7556}") = "Ethereal.FAF.UI.Client", "Ethereal.FAF.UI.Client\Ethereal.FAF.UI.Client.csproj", "{F8FCB475-7EC9-464F-8565-9F7A126ECBD2}"
EndProject
Project("{9A19103F-16F7-4668-BE54-9A1E7A4F7556}") = "Ethereal.FAF.API.Client", "Ethereal.FAF.API.Client\Ethereal.FAF.API.Client.csproj", "{231B08FA-73A2-42C4-9E3D-3EB52956A42E}"
EndProject
Project("{9A19103F-16F7-4668-BE54-9A1E7A4F7556}") = "Ethereal.FA.Vault", "Ethereal.FA.Scmap\Ethereal.FA.Vault.csproj", "{74934851-48A4-4415-A19B-F8202FF3C6CE}"
EndProject
Project("{9A19103F-16F7-4668-BE54-9A1E7A4F7556}") = "Ethereal.FA.ScmapInteractive", "Ethereal.FA.ScmapInteractive\Ethereal.FA.ScmapInteractive.csproj", "{6D1D936F-E2FB-4F19-9CD3-CAC91EF2067A}"
EndProject
Project("{9A19103F-16F7-4668-BE54-9A1E7A4F7556}") = "Ethereal.FAF.Client.Updater", "Ethereal.FAF.Client.Updater\Ethereal.FAF.Client.Updater.csproj", "{BB9DEC4E-A9FC-4956-A224-9E6F1735ACA2}"
EndProject
Project("{9A19103F-16F7-4668-BE54-9A1E7A4F7556}") = "Fonts", "Fonts\Fonts.csproj", "{ED0A8A05-7AF2-4774-A070-17B89EE5C86B}"
EndProject
Project("{9A19103F-16F7-4668-BE54-9A1E7A4F7556}") = "Ethereal.FA.Mod", "Ethereal.FA.Mod\Ethereal.FA.Mod.csproj", "{5966E0AC-BC71-4DD0-B917-DEE3A13C9DA6}"
EndProject
Project("{9A19103F-16F7-4668-BE54-9A1E7A4F7556}") = "DesktopNotifications.Windows", "DesktopNotifications.Windows\DesktopNotifications.Windows.csproj", "{3233C992-FE29-4B83-9209-DD3345258BE3}"
EndProject
Global
	GlobalSection(SolutionConfigurationPlatforms) = preSolution
		Analysis|Any CPU = Analysis|Any CPU
		Analysis|ARM = Analysis|ARM
		Analysis|ARM64 = Analysis|ARM64
		Analysis|x64 = Analysis|x64
		Analysis|x86 = Analysis|x86
		Debug|Any CPU = Debug|Any CPU
		Debug|ARM = Debug|ARM
		Debug|ARM64 = Debug|ARM64
		Debug|x64 = Debug|x64
		Debug|x86 = Debug|x86
		Release|Any CPU = Release|Any CPU
		Release|ARM = Release|ARM
		Release|ARM64 = Release|ARM64
		Release|x64 = Release|x64
		Release|x86 = Release|x86
	EndGlobalSection
	GlobalSection(ProjectConfigurationPlatforms) = postSolution
		{45095CB8-1460-4713-9862-985C2E47C88F}.Analysis|Any CPU.ActiveCfg = Release|Any CPU
		{45095CB8-1460-4713-9862-985C2E47C88F}.Analysis|Any CPU.Build.0 = Release|Any CPU
		{45095CB8-1460-4713-9862-985C2E47C88F}.Analysis|ARM.ActiveCfg = Release|Any CPU
		{45095CB8-1460-4713-9862-985C2E47C88F}.Analysis|ARM.Build.0 = Release|Any CPU
		{45095CB8-1460-4713-9862-985C2E47C88F}.Analysis|ARM64.ActiveCfg = Release|Any CPU
		{45095CB8-1460-4713-9862-985C2E47C88F}.Analysis|ARM64.Build.0 = Release|Any CPU
		{45095CB8-1460-4713-9862-985C2E47C88F}.Analysis|x64.ActiveCfg = Release|Any CPU
		{45095CB8-1460-4713-9862-985C2E47C88F}.Analysis|x64.Build.0 = Release|Any CPU
		{45095CB8-1460-4713-9862-985C2E47C88F}.Analysis|x86.ActiveCfg = Release|Any CPU
		{45095CB8-1460-4713-9862-985C2E47C88F}.Analysis|x86.Build.0 = Release|Any CPU
		{45095CB8-1460-4713-9862-985C2E47C88F}.Debug|Any CPU.ActiveCfg = Debug|Any CPU
		{45095CB8-1460-4713-9862-985C2E47C88F}.Debug|Any CPU.Build.0 = Debug|Any CPU
		{45095CB8-1460-4713-9862-985C2E47C88F}.Debug|ARM.ActiveCfg = Debug|Any CPU
		{45095CB8-1460-4713-9862-985C2E47C88F}.Debug|ARM64.ActiveCfg = Debug|Any CPU
		{45095CB8-1460-4713-9862-985C2E47C88F}.Debug|x64.ActiveCfg = Debug|Any CPU
		{45095CB8-1460-4713-9862-985C2E47C88F}.Debug|x86.ActiveCfg = Debug|Any CPU
		{45095CB8-1460-4713-9862-985C2E47C88F}.Release|Any CPU.ActiveCfg = Release|Any CPU
		{45095CB8-1460-4713-9862-985C2E47C88F}.Release|Any CPU.Build.0 = Release|Any CPU
		{45095CB8-1460-4713-9862-985C2E47C88F}.Release|ARM.ActiveCfg = Release|Any CPU
		{45095CB8-1460-4713-9862-985C2E47C88F}.Release|ARM64.ActiveCfg = Release|Any CPU
		{45095CB8-1460-4713-9862-985C2E47C88F}.Release|x64.ActiveCfg = Release|Any CPU
		{45095CB8-1460-4713-9862-985C2E47C88F}.Release|x86.ActiveCfg = Release|Any CPU
		{7BD10E86-574A-457F-A433-DEC5ABD84752}.Analysis|Any CPU.ActiveCfg = Release|Any CPU
		{7BD10E86-574A-457F-A433-DEC5ABD84752}.Analysis|Any CPU.Build.0 = Release|Any CPU
		{7BD10E86-574A-457F-A433-DEC5ABD84752}.Analysis|ARM.ActiveCfg = Release|Any CPU
		{7BD10E86-574A-457F-A433-DEC5ABD84752}.Analysis|ARM.Build.0 = Release|Any CPU
		{7BD10E86-574A-457F-A433-DEC5ABD84752}.Analysis|ARM64.ActiveCfg = Release|Any CPU
		{7BD10E86-574A-457F-A433-DEC5ABD84752}.Analysis|ARM64.Build.0 = Release|Any CPU
		{7BD10E86-574A-457F-A433-DEC5ABD84752}.Analysis|x64.ActiveCfg = Release|Any CPU
		{7BD10E86-574A-457F-A433-DEC5ABD84752}.Analysis|x64.Build.0 = Release|Any CPU
		{7BD10E86-574A-457F-A433-DEC5ABD84752}.Analysis|x86.ActiveCfg = Release|Any CPU
		{7BD10E86-574A-457F-A433-DEC5ABD84752}.Analysis|x86.Build.0 = Release|Any CPU
		{7BD10E86-574A-457F-A433-DEC5ABD84752}.Debug|Any CPU.ActiveCfg = Debug|Any CPU
		{7BD10E86-574A-457F-A433-DEC5ABD84752}.Debug|Any CPU.Build.0 = Debug|Any CPU
		{7BD10E86-574A-457F-A433-DEC5ABD84752}.Debug|ARM.ActiveCfg = Debug|Any CPU
		{7BD10E86-574A-457F-A433-DEC5ABD84752}.Debug|ARM.Build.0 = Debug|Any CPU
		{7BD10E86-574A-457F-A433-DEC5ABD84752}.Debug|ARM64.ActiveCfg = Debug|Any CPU
		{7BD10E86-574A-457F-A433-DEC5ABD84752}.Debug|ARM64.Build.0 = Debug|Any CPU
		{7BD10E86-574A-457F-A433-DEC5ABD84752}.Debug|x64.ActiveCfg = Debug|Any CPU
		{7BD10E86-574A-457F-A433-DEC5ABD84752}.Debug|x64.Build.0 = Debug|Any CPU
		{7BD10E86-574A-457F-A433-DEC5ABD84752}.Debug|x86.ActiveCfg = Debug|Any CPU
		{7BD10E86-574A-457F-A433-DEC5ABD84752}.Debug|x86.Build.0 = Debug|Any CPU
		{7BD10E86-574A-457F-A433-DEC5ABD84752}.Release|Any CPU.ActiveCfg = Release|Any CPU
		{7BD10E86-574A-457F-A433-DEC5ABD84752}.Release|Any CPU.Build.0 = Release|Any CPU
		{7BD10E86-574A-457F-A433-DEC5ABD84752}.Release|ARM.ActiveCfg = Release|Any CPU
		{7BD10E86-574A-457F-A433-DEC5ABD84752}.Release|ARM.Build.0 = Release|Any CPU
		{7BD10E86-574A-457F-A433-DEC5ABD84752}.Release|ARM64.ActiveCfg = Release|Any CPU
		{7BD10E86-574A-457F-A433-DEC5ABD84752}.Release|ARM64.Build.0 = Release|Any CPU
		{7BD10E86-574A-457F-A433-DEC5ABD84752}.Release|x64.ActiveCfg = Release|Any CPU
		{7BD10E86-574A-457F-A433-DEC5ABD84752}.Release|x64.Build.0 = Release|Any CPU
		{7BD10E86-574A-457F-A433-DEC5ABD84752}.Release|x86.ActiveCfg = Release|Any CPU
		{7BD10E86-574A-457F-A433-DEC5ABD84752}.Release|x86.Build.0 = Release|Any CPU
		{F8FCB475-7EC9-464F-8565-9F7A126ECBD2}.Analysis|Any CPU.ActiveCfg = Release|Any CPU
		{F8FCB475-7EC9-464F-8565-9F7A126ECBD2}.Analysis|Any CPU.Build.0 = Release|Any CPU
		{F8FCB475-7EC9-464F-8565-9F7A126ECBD2}.Analysis|ARM.ActiveCfg = Release|Any CPU
		{F8FCB475-7EC9-464F-8565-9F7A126ECBD2}.Analysis|ARM.Build.0 = Release|Any CPU
		{F8FCB475-7EC9-464F-8565-9F7A126ECBD2}.Analysis|ARM64.ActiveCfg = Release|Any CPU
		{F8FCB475-7EC9-464F-8565-9F7A126ECBD2}.Analysis|ARM64.Build.0 = Release|Any CPU
		{F8FCB475-7EC9-464F-8565-9F7A126ECBD2}.Analysis|x64.ActiveCfg = Release|Any CPU
		{F8FCB475-7EC9-464F-8565-9F7A126ECBD2}.Analysis|x64.Build.0 = Release|Any CPU
		{F8FCB475-7EC9-464F-8565-9F7A126ECBD2}.Analysis|x86.ActiveCfg = Release|Any CPU
		{F8FCB475-7EC9-464F-8565-9F7A126ECBD2}.Analysis|x86.Build.0 = Release|Any CPU
		{F8FCB475-7EC9-464F-8565-9F7A126ECBD2}.Debug|Any CPU.ActiveCfg = Debug|Any CPU
		{F8FCB475-7EC9-464F-8565-9F7A126ECBD2}.Debug|Any CPU.Build.0 = Debug|Any CPU
		{F8FCB475-7EC9-464F-8565-9F7A126ECBD2}.Debug|ARM.ActiveCfg = Debug|Any CPU
		{F8FCB475-7EC9-464F-8565-9F7A126ECBD2}.Debug|ARM.Build.0 = Debug|Any CPU
		{F8FCB475-7EC9-464F-8565-9F7A126ECBD2}.Debug|ARM64.ActiveCfg = Debug|Any CPU
		{F8FCB475-7EC9-464F-8565-9F7A126ECBD2}.Debug|ARM64.Build.0 = Debug|Any CPU
		{F8FCB475-7EC9-464F-8565-9F7A126ECBD2}.Debug|x64.ActiveCfg = Debug|Any CPU
		{F8FCB475-7EC9-464F-8565-9F7A126ECBD2}.Debug|x64.Build.0 = Debug|Any CPU
		{F8FCB475-7EC9-464F-8565-9F7A126ECBD2}.Debug|x86.ActiveCfg = Debug|Any CPU
		{F8FCB475-7EC9-464F-8565-9F7A126ECBD2}.Debug|x86.Build.0 = Debug|Any CPU
		{F8FCB475-7EC9-464F-8565-9F7A126ECBD2}.Release|Any CPU.ActiveCfg = Release|Any CPU
		{F8FCB475-7EC9-464F-8565-9F7A126ECBD2}.Release|Any CPU.Build.0 = Release|Any CPU
		{F8FCB475-7EC9-464F-8565-9F7A126ECBD2}.Release|ARM.ActiveCfg = Release|Any CPU
		{F8FCB475-7EC9-464F-8565-9F7A126ECBD2}.Release|ARM.Build.0 = Release|Any CPU
		{F8FCB475-7EC9-464F-8565-9F7A126ECBD2}.Release|ARM64.ActiveCfg = Release|Any CPU
		{F8FCB475-7EC9-464F-8565-9F7A126ECBD2}.Release|ARM64.Build.0 = Release|Any CPU
		{F8FCB475-7EC9-464F-8565-9F7A126ECBD2}.Release|x64.ActiveCfg = Release|Any CPU
		{F8FCB475-7EC9-464F-8565-9F7A126ECBD2}.Release|x64.Build.0 = Release|Any CPU
		{F8FCB475-7EC9-464F-8565-9F7A126ECBD2}.Release|x86.ActiveCfg = Release|Any CPU
		{F8FCB475-7EC9-464F-8565-9F7A126ECBD2}.Release|x86.Build.0 = Release|Any CPU
		{231B08FA-73A2-42C4-9E3D-3EB52956A42E}.Analysis|Any CPU.ActiveCfg = Release|Any CPU
		{231B08FA-73A2-42C4-9E3D-3EB52956A42E}.Analysis|Any CPU.Build.0 = Release|Any CPU
		{231B08FA-73A2-42C4-9E3D-3EB52956A42E}.Analysis|ARM.ActiveCfg = Release|Any CPU
		{231B08FA-73A2-42C4-9E3D-3EB52956A42E}.Analysis|ARM.Build.0 = Release|Any CPU
		{231B08FA-73A2-42C4-9E3D-3EB52956A42E}.Analysis|ARM64.ActiveCfg = Release|Any CPU
		{231B08FA-73A2-42C4-9E3D-3EB52956A42E}.Analysis|ARM64.Build.0 = Release|Any CPU
		{231B08FA-73A2-42C4-9E3D-3EB52956A42E}.Analysis|x64.ActiveCfg = Release|Any CPU
		{231B08FA-73A2-42C4-9E3D-3EB52956A42E}.Analysis|x64.Build.0 = Release|Any CPU
		{231B08FA-73A2-42C4-9E3D-3EB52956A42E}.Analysis|x86.ActiveCfg = Release|Any CPU
		{231B08FA-73A2-42C4-9E3D-3EB52956A42E}.Analysis|x86.Build.0 = Release|Any CPU
		{231B08FA-73A2-42C4-9E3D-3EB52956A42E}.Debug|Any CPU.ActiveCfg = Debug|Any CPU
		{231B08FA-73A2-42C4-9E3D-3EB52956A42E}.Debug|Any CPU.Build.0 = Debug|Any CPU
		{231B08FA-73A2-42C4-9E3D-3EB52956A42E}.Debug|ARM.ActiveCfg = Debug|Any CPU
		{231B08FA-73A2-42C4-9E3D-3EB52956A42E}.Debug|ARM.Build.0 = Debug|Any CPU
		{231B08FA-73A2-42C4-9E3D-3EB52956A42E}.Debug|ARM64.ActiveCfg = Debug|Any CPU
		{231B08FA-73A2-42C4-9E3D-3EB52956A42E}.Debug|ARM64.Build.0 = Debug|Any CPU
		{231B08FA-73A2-42C4-9E3D-3EB52956A42E}.Debug|x64.ActiveCfg = Debug|Any CPU
		{231B08FA-73A2-42C4-9E3D-3EB52956A42E}.Debug|x64.Build.0 = Debug|Any CPU
		{231B08FA-73A2-42C4-9E3D-3EB52956A42E}.Debug|x86.ActiveCfg = Debug|Any CPU
		{231B08FA-73A2-42C4-9E3D-3EB52956A42E}.Debug|x86.Build.0 = Debug|Any CPU
		{231B08FA-73A2-42C4-9E3D-3EB52956A42E}.Release|Any CPU.ActiveCfg = Release|Any CPU
		{231B08FA-73A2-42C4-9E3D-3EB52956A42E}.Release|Any CPU.Build.0 = Release|Any CPU
		{231B08FA-73A2-42C4-9E3D-3EB52956A42E}.Release|ARM.ActiveCfg = Release|Any CPU
		{231B08FA-73A2-42C4-9E3D-3EB52956A42E}.Release|ARM.Build.0 = Release|Any CPU
		{231B08FA-73A2-42C4-9E3D-3EB52956A42E}.Release|ARM64.ActiveCfg = Release|Any CPU
		{231B08FA-73A2-42C4-9E3D-3EB52956A42E}.Release|ARM64.Build.0 = Release|Any CPU
		{231B08FA-73A2-42C4-9E3D-3EB52956A42E}.Release|x64.ActiveCfg = Release|Any CPU
		{231B08FA-73A2-42C4-9E3D-3EB52956A42E}.Release|x64.Build.0 = Release|Any CPU
		{231B08FA-73A2-42C4-9E3D-3EB52956A42E}.Release|x86.ActiveCfg = Release|Any CPU
		{231B08FA-73A2-42C4-9E3D-3EB52956A42E}.Release|x86.Build.0 = Release|Any CPU
		{74934851-48A4-4415-A19B-F8202FF3C6CE}.Analysis|Any CPU.ActiveCfg = Release|Any CPU
		{74934851-48A4-4415-A19B-F8202FF3C6CE}.Analysis|Any CPU.Build.0 = Release|Any CPU
		{74934851-48A4-4415-A19B-F8202FF3C6CE}.Analysis|ARM.ActiveCfg = Release|Any CPU
		{74934851-48A4-4415-A19B-F8202FF3C6CE}.Analysis|ARM.Build.0 = Release|Any CPU
		{74934851-48A4-4415-A19B-F8202FF3C6CE}.Analysis|ARM64.ActiveCfg = Release|Any CPU
		{74934851-48A4-4415-A19B-F8202FF3C6CE}.Analysis|ARM64.Build.0 = Release|Any CPU
		{74934851-48A4-4415-A19B-F8202FF3C6CE}.Analysis|x64.ActiveCfg = Release|Any CPU
		{74934851-48A4-4415-A19B-F8202FF3C6CE}.Analysis|x64.Build.0 = Release|Any CPU
		{74934851-48A4-4415-A19B-F8202FF3C6CE}.Analysis|x86.ActiveCfg = Release|Any CPU
		{74934851-48A4-4415-A19B-F8202FF3C6CE}.Analysis|x86.Build.0 = Release|Any CPU
		{74934851-48A4-4415-A19B-F8202FF3C6CE}.Debug|Any CPU.ActiveCfg = Debug|Any CPU
		{74934851-48A4-4415-A19B-F8202FF3C6CE}.Debug|Any CPU.Build.0 = Debug|Any CPU
		{74934851-48A4-4415-A19B-F8202FF3C6CE}.Debug|ARM.ActiveCfg = Debug|Any CPU
		{74934851-48A4-4415-A19B-F8202FF3C6CE}.Debug|ARM.Build.0 = Debug|Any CPU
		{74934851-48A4-4415-A19B-F8202FF3C6CE}.Debug|ARM64.ActiveCfg = Debug|Any CPU
		{74934851-48A4-4415-A19B-F8202FF3C6CE}.Debug|ARM64.Build.0 = Debug|Any CPU
		{74934851-48A4-4415-A19B-F8202FF3C6CE}.Debug|x64.ActiveCfg = Debug|Any CPU
		{74934851-48A4-4415-A19B-F8202FF3C6CE}.Debug|x64.Build.0 = Debug|Any CPU
		{74934851-48A4-4415-A19B-F8202FF3C6CE}.Debug|x86.ActiveCfg = Debug|Any CPU
		{74934851-48A4-4415-A19B-F8202FF3C6CE}.Debug|x86.Build.0 = Debug|Any CPU
		{74934851-48A4-4415-A19B-F8202FF3C6CE}.Release|Any CPU.ActiveCfg = Release|Any CPU
		{74934851-48A4-4415-A19B-F8202FF3C6CE}.Release|Any CPU.Build.0 = Release|Any CPU
		{74934851-48A4-4415-A19B-F8202FF3C6CE}.Release|ARM.ActiveCfg = Release|Any CPU
		{74934851-48A4-4415-A19B-F8202FF3C6CE}.Release|ARM.Build.0 = Release|Any CPU
		{74934851-48A4-4415-A19B-F8202FF3C6CE}.Release|ARM64.ActiveCfg = Release|Any CPU
		{74934851-48A4-4415-A19B-F8202FF3C6CE}.Release|ARM64.Build.0 = Release|Any CPU
		{74934851-48A4-4415-A19B-F8202FF3C6CE}.Release|x64.ActiveCfg = Release|Any CPU
		{74934851-48A4-4415-A19B-F8202FF3C6CE}.Release|x64.Build.0 = Release|Any CPU
		{74934851-48A4-4415-A19B-F8202FF3C6CE}.Release|x86.ActiveCfg = Release|Any CPU
		{74934851-48A4-4415-A19B-F8202FF3C6CE}.Release|x86.Build.0 = Release|Any CPU
		{6D1D936F-E2FB-4F19-9CD3-CAC91EF2067A}.Analysis|Any CPU.ActiveCfg = Release|Any CPU
		{6D1D936F-E2FB-4F19-9CD3-CAC91EF2067A}.Analysis|ARM.ActiveCfg = Release|Any CPU
		{6D1D936F-E2FB-4F19-9CD3-CAC91EF2067A}.Analysis|ARM64.ActiveCfg = Release|Any CPU
		{6D1D936F-E2FB-4F19-9CD3-CAC91EF2067A}.Analysis|x64.ActiveCfg = Release|Any CPU
		{6D1D936F-E2FB-4F19-9CD3-CAC91EF2067A}.Analysis|x86.ActiveCfg = Release|Any CPU
		{6D1D936F-E2FB-4F19-9CD3-CAC91EF2067A}.Debug|Any CPU.ActiveCfg = Debug|Any CPU
		{6D1D936F-E2FB-4F19-9CD3-CAC91EF2067A}.Debug|Any CPU.Build.0 = Debug|Any CPU
		{6D1D936F-E2FB-4F19-9CD3-CAC91EF2067A}.Debug|ARM.ActiveCfg = Debug|Any CPU
		{6D1D936F-E2FB-4F19-9CD3-CAC91EF2067A}.Debug|ARM.Build.0 = Debug|Any CPU
		{6D1D936F-E2FB-4F19-9CD3-CAC91EF2067A}.Debug|ARM64.ActiveCfg = Debug|Any CPU
		{6D1D936F-E2FB-4F19-9CD3-CAC91EF2067A}.Debug|ARM64.Build.0 = Debug|Any CPU
		{6D1D936F-E2FB-4F19-9CD3-CAC91EF2067A}.Debug|x64.ActiveCfg = Debug|Any CPU
		{6D1D936F-E2FB-4F19-9CD3-CAC91EF2067A}.Debug|x64.Build.0 = Debug|Any CPU
		{6D1D936F-E2FB-4F19-9CD3-CAC91EF2067A}.Debug|x86.ActiveCfg = Debug|Any CPU
		{6D1D936F-E2FB-4F19-9CD3-CAC91EF2067A}.Debug|x86.Build.0 = Debug|Any CPU
		{6D1D936F-E2FB-4F19-9CD3-CAC91EF2067A}.Release|Any CPU.ActiveCfg = Release|Any CPU
		{6D1D936F-E2FB-4F19-9CD3-CAC91EF2067A}.Release|Any CPU.Build.0 = Release|Any CPU
		{6D1D936F-E2FB-4F19-9CD3-CAC91EF2067A}.Release|ARM.ActiveCfg = Release|Any CPU
		{6D1D936F-E2FB-4F19-9CD3-CAC91EF2067A}.Release|ARM.Build.0 = Release|Any CPU
		{6D1D936F-E2FB-4F19-9CD3-CAC91EF2067A}.Release|ARM64.ActiveCfg = Release|Any CPU
		{6D1D936F-E2FB-4F19-9CD3-CAC91EF2067A}.Release|ARM64.Build.0 = Release|Any CPU
		{6D1D936F-E2FB-4F19-9CD3-CAC91EF2067A}.Release|x64.ActiveCfg = Release|Any CPU
		{6D1D936F-E2FB-4F19-9CD3-CAC91EF2067A}.Release|x64.Build.0 = Release|Any CPU
		{6D1D936F-E2FB-4F19-9CD3-CAC91EF2067A}.Release|x86.ActiveCfg = Release|Any CPU
		{6D1D936F-E2FB-4F19-9CD3-CAC91EF2067A}.Release|x86.Build.0 = Release|Any CPU
		{BB9DEC4E-A9FC-4956-A224-9E6F1735ACA2}.Analysis|Any CPU.ActiveCfg = Release|Any CPU
		{BB9DEC4E-A9FC-4956-A224-9E6F1735ACA2}.Analysis|Any CPU.Build.0 = Release|Any CPU
		{BB9DEC4E-A9FC-4956-A224-9E6F1735ACA2}.Analysis|ARM.ActiveCfg = Release|Any CPU
		{BB9DEC4E-A9FC-4956-A224-9E6F1735ACA2}.Analysis|ARM.Build.0 = Release|Any CPU
		{BB9DEC4E-A9FC-4956-A224-9E6F1735ACA2}.Analysis|ARM64.ActiveCfg = Release|Any CPU
		{BB9DEC4E-A9FC-4956-A224-9E6F1735ACA2}.Analysis|ARM64.Build.0 = Release|Any CPU
		{BB9DEC4E-A9FC-4956-A224-9E6F1735ACA2}.Analysis|x64.ActiveCfg = Release|Any CPU
		{BB9DEC4E-A9FC-4956-A224-9E6F1735ACA2}.Analysis|x64.Build.0 = Release|Any CPU
		{BB9DEC4E-A9FC-4956-A224-9E6F1735ACA2}.Analysis|x86.ActiveCfg = Release|Any CPU
		{BB9DEC4E-A9FC-4956-A224-9E6F1735ACA2}.Analysis|x86.Build.0 = Release|Any CPU
		{BB9DEC4E-A9FC-4956-A224-9E6F1735ACA2}.Debug|Any CPU.ActiveCfg = Debug|Any CPU
		{BB9DEC4E-A9FC-4956-A224-9E6F1735ACA2}.Debug|Any CPU.Build.0 = Debug|Any CPU
		{BB9DEC4E-A9FC-4956-A224-9E6F1735ACA2}.Debug|ARM.ActiveCfg = Debug|Any CPU
		{BB9DEC4E-A9FC-4956-A224-9E6F1735ACA2}.Debug|ARM.Build.0 = Debug|Any CPU
		{BB9DEC4E-A9FC-4956-A224-9E6F1735ACA2}.Debug|ARM64.ActiveCfg = Debug|Any CPU
		{BB9DEC4E-A9FC-4956-A224-9E6F1735ACA2}.Debug|ARM64.Build.0 = Debug|Any CPU
		{BB9DEC4E-A9FC-4956-A224-9E6F1735ACA2}.Debug|x64.ActiveCfg = Debug|Any CPU
		{BB9DEC4E-A9FC-4956-A224-9E6F1735ACA2}.Debug|x64.Build.0 = Debug|Any CPU
		{BB9DEC4E-A9FC-4956-A224-9E6F1735ACA2}.Debug|x86.ActiveCfg = Debug|Any CPU
		{BB9DEC4E-A9FC-4956-A224-9E6F1735ACA2}.Debug|x86.Build.0 = Debug|Any CPU
		{BB9DEC4E-A9FC-4956-A224-9E6F1735ACA2}.Release|Any CPU.ActiveCfg = Release|Any CPU
		{BB9DEC4E-A9FC-4956-A224-9E6F1735ACA2}.Release|Any CPU.Build.0 = Release|Any CPU
		{BB9DEC4E-A9FC-4956-A224-9E6F1735ACA2}.Release|ARM.ActiveCfg = Release|Any CPU
		{BB9DEC4E-A9FC-4956-A224-9E6F1735ACA2}.Release|ARM.Build.0 = Release|Any CPU
		{BB9DEC4E-A9FC-4956-A224-9E6F1735ACA2}.Release|ARM64.ActiveCfg = Release|Any CPU
		{BB9DEC4E-A9FC-4956-A224-9E6F1735ACA2}.Release|ARM64.Build.0 = Release|Any CPU
		{BB9DEC4E-A9FC-4956-A224-9E6F1735ACA2}.Release|x64.ActiveCfg = Release|Any CPU
		{BB9DEC4E-A9FC-4956-A224-9E6F1735ACA2}.Release|x64.Build.0 = Release|Any CPU
		{BB9DEC4E-A9FC-4956-A224-9E6F1735ACA2}.Release|x86.ActiveCfg = Release|Any CPU
		{BB9DEC4E-A9FC-4956-A224-9E6F1735ACA2}.Release|x86.Build.0 = Release|Any CPU
		{ED0A8A05-7AF2-4774-A070-17B89EE5C86B}.Analysis|Any CPU.ActiveCfg = Release|Any CPU
		{ED0A8A05-7AF2-4774-A070-17B89EE5C86B}.Analysis|Any CPU.Build.0 = Release|Any CPU
		{ED0A8A05-7AF2-4774-A070-17B89EE5C86B}.Analysis|ARM.ActiveCfg = Release|Any CPU
		{ED0A8A05-7AF2-4774-A070-17B89EE5C86B}.Analysis|ARM.Build.0 = Release|Any CPU
		{ED0A8A05-7AF2-4774-A070-17B89EE5C86B}.Analysis|ARM64.ActiveCfg = Release|Any CPU
		{ED0A8A05-7AF2-4774-A070-17B89EE5C86B}.Analysis|ARM64.Build.0 = Release|Any CPU
		{ED0A8A05-7AF2-4774-A070-17B89EE5C86B}.Analysis|x64.ActiveCfg = Release|Any CPU
		{ED0A8A05-7AF2-4774-A070-17B89EE5C86B}.Analysis|x64.Build.0 = Release|Any CPU
		{ED0A8A05-7AF2-4774-A070-17B89EE5C86B}.Analysis|x86.ActiveCfg = Release|Any CPU
		{ED0A8A05-7AF2-4774-A070-17B89EE5C86B}.Analysis|x86.Build.0 = Release|Any CPU
		{ED0A8A05-7AF2-4774-A070-17B89EE5C86B}.Debug|Any CPU.ActiveCfg = Debug|Any CPU
		{ED0A8A05-7AF2-4774-A070-17B89EE5C86B}.Debug|Any CPU.Build.0 = Debug|Any CPU
		{ED0A8A05-7AF2-4774-A070-17B89EE5C86B}.Debug|ARM.ActiveCfg = Debug|Any CPU
		{ED0A8A05-7AF2-4774-A070-17B89EE5C86B}.Debug|ARM.Build.0 = Debug|Any CPU
		{ED0A8A05-7AF2-4774-A070-17B89EE5C86B}.Debug|ARM64.ActiveCfg = Debug|Any CPU
		{ED0A8A05-7AF2-4774-A070-17B89EE5C86B}.Debug|ARM64.Build.0 = Debug|Any CPU
		{ED0A8A05-7AF2-4774-A070-17B89EE5C86B}.Debug|x64.ActiveCfg = Debug|Any CPU
		{ED0A8A05-7AF2-4774-A070-17B89EE5C86B}.Debug|x64.Build.0 = Debug|Any CPU
		{ED0A8A05-7AF2-4774-A070-17B89EE5C86B}.Debug|x86.ActiveCfg = Debug|Any CPU
		{ED0A8A05-7AF2-4774-A070-17B89EE5C86B}.Debug|x86.Build.0 = Debug|Any CPU
		{ED0A8A05-7AF2-4774-A070-17B89EE5C86B}.Release|Any CPU.ActiveCfg = Release|Any CPU
		{ED0A8A05-7AF2-4774-A070-17B89EE5C86B}.Release|Any CPU.Build.0 = Release|Any CPU
		{ED0A8A05-7AF2-4774-A070-17B89EE5C86B}.Release|ARM.ActiveCfg = Release|Any CPU
		{ED0A8A05-7AF2-4774-A070-17B89EE5C86B}.Release|ARM.Build.0 = Release|Any CPU
		{ED0A8A05-7AF2-4774-A070-17B89EE5C86B}.Release|ARM64.ActiveCfg = Release|Any CPU
		{ED0A8A05-7AF2-4774-A070-17B89EE5C86B}.Release|ARM64.Build.0 = Release|Any CPU
		{ED0A8A05-7AF2-4774-A070-17B89EE5C86B}.Release|x64.ActiveCfg = Release|Any CPU
		{ED0A8A05-7AF2-4774-A070-17B89EE5C86B}.Release|x64.Build.0 = Release|Any CPU
		{ED0A8A05-7AF2-4774-A070-17B89EE5C86B}.Release|x86.ActiveCfg = Release|Any CPU
		{ED0A8A05-7AF2-4774-A070-17B89EE5C86B}.Release|x86.Build.0 = Release|Any CPU
		{5966E0AC-BC71-4DD0-B917-DEE3A13C9DA6}.Analysis|Any CPU.ActiveCfg = Debug|Any CPU
		{5966E0AC-BC71-4DD0-B917-DEE3A13C9DA6}.Analysis|Any CPU.Build.0 = Debug|Any CPU
		{5966E0AC-BC71-4DD0-B917-DEE3A13C9DA6}.Analysis|ARM.ActiveCfg = Debug|Any CPU
		{5966E0AC-BC71-4DD0-B917-DEE3A13C9DA6}.Analysis|ARM.Build.0 = Debug|Any CPU
		{5966E0AC-BC71-4DD0-B917-DEE3A13C9DA6}.Analysis|ARM64.ActiveCfg = Debug|Any CPU
		{5966E0AC-BC71-4DD0-B917-DEE3A13C9DA6}.Analysis|ARM64.Build.0 = Debug|Any CPU
		{5966E0AC-BC71-4DD0-B917-DEE3A13C9DA6}.Analysis|x64.ActiveCfg = Debug|Any CPU
		{5966E0AC-BC71-4DD0-B917-DEE3A13C9DA6}.Analysis|x64.Build.0 = Debug|Any CPU
		{5966E0AC-BC71-4DD0-B917-DEE3A13C9DA6}.Analysis|x86.ActiveCfg = Debug|Any CPU
		{5966E0AC-BC71-4DD0-B917-DEE3A13C9DA6}.Analysis|x86.Build.0 = Debug|Any CPU
		{5966E0AC-BC71-4DD0-B917-DEE3A13C9DA6}.Debug|Any CPU.ActiveCfg = Debug|Any CPU
		{5966E0AC-BC71-4DD0-B917-DEE3A13C9DA6}.Debug|Any CPU.Build.0 = Debug|Any CPU
		{5966E0AC-BC71-4DD0-B917-DEE3A13C9DA6}.Debug|ARM.ActiveCfg = Debug|Any CPU
		{5966E0AC-BC71-4DD0-B917-DEE3A13C9DA6}.Debug|ARM.Build.0 = Debug|Any CPU
		{5966E0AC-BC71-4DD0-B917-DEE3A13C9DA6}.Debug|ARM64.ActiveCfg = Debug|Any CPU
		{5966E0AC-BC71-4DD0-B917-DEE3A13C9DA6}.Debug|ARM64.Build.0 = Debug|Any CPU
		{5966E0AC-BC71-4DD0-B917-DEE3A13C9DA6}.Debug|x64.ActiveCfg = Debug|Any CPU
		{5966E0AC-BC71-4DD0-B917-DEE3A13C9DA6}.Debug|x64.Build.0 = Debug|Any CPU
		{5966E0AC-BC71-4DD0-B917-DEE3A13C9DA6}.Debug|x86.ActiveCfg = Debug|Any CPU
		{5966E0AC-BC71-4DD0-B917-DEE3A13C9DA6}.Debug|x86.Build.0 = Debug|Any CPU
		{5966E0AC-BC71-4DD0-B917-DEE3A13C9DA6}.Release|Any CPU.ActiveCfg = Release|Any CPU
		{5966E0AC-BC71-4DD0-B917-DEE3A13C9DA6}.Release|Any CPU.Build.0 = Release|Any CPU
		{5966E0AC-BC71-4DD0-B917-DEE3A13C9DA6}.Release|ARM.ActiveCfg = Release|Any CPU
		{5966E0AC-BC71-4DD0-B917-DEE3A13C9DA6}.Release|ARM.Build.0 = Release|Any CPU
		{5966E0AC-BC71-4DD0-B917-DEE3A13C9DA6}.Release|ARM64.ActiveCfg = Release|Any CPU
		{5966E0AC-BC71-4DD0-B917-DEE3A13C9DA6}.Release|ARM64.Build.0 = Release|Any CPU
		{5966E0AC-BC71-4DD0-B917-DEE3A13C9DA6}.Release|x64.ActiveCfg = Release|Any CPU
		{5966E0AC-BC71-4DD0-B917-DEE3A13C9DA6}.Release|x64.Build.0 = Release|Any CPU
		{5966E0AC-BC71-4DD0-B917-DEE3A13C9DA6}.Release|x86.ActiveCfg = Release|Any CPU
		{5966E0AC-BC71-4DD0-B917-DEE3A13C9DA6}.Release|x86.Build.0 = Release|Any CPU
		{3233C992-FE29-4B83-9209-DD3345258BE3}.Analysis|Any CPU.ActiveCfg = Debug|Any CPU
		{3233C992-FE29-4B83-9209-DD3345258BE3}.Analysis|Any CPU.Build.0 = Debug|Any CPU
		{3233C992-FE29-4B83-9209-DD3345258BE3}.Analysis|ARM.ActiveCfg = Debug|Any CPU
		{3233C992-FE29-4B83-9209-DD3345258BE3}.Analysis|ARM.Build.0 = Debug|Any CPU
		{3233C992-FE29-4B83-9209-DD3345258BE3}.Analysis|ARM64.ActiveCfg = Debug|Any CPU
		{3233C992-FE29-4B83-9209-DD3345258BE3}.Analysis|ARM64.Build.0 = Debug|Any CPU
		{3233C992-FE29-4B83-9209-DD3345258BE3}.Analysis|x64.ActiveCfg = Debug|Any CPU
		{3233C992-FE29-4B83-9209-DD3345258BE3}.Analysis|x64.Build.0 = Debug|Any CPU
		{3233C992-FE29-4B83-9209-DD3345258BE3}.Analysis|x86.ActiveCfg = Debug|Any CPU
		{3233C992-FE29-4B83-9209-DD3345258BE3}.Analysis|x86.Build.0 = Debug|Any CPU
		{3233C992-FE29-4B83-9209-DD3345258BE3}.Debug|Any CPU.ActiveCfg = Debug|Any CPU
		{3233C992-FE29-4B83-9209-DD3345258BE3}.Debug|Any CPU.Build.0 = Debug|Any CPU
		{3233C992-FE29-4B83-9209-DD3345258BE3}.Debug|ARM.ActiveCfg = Debug|Any CPU
		{3233C992-FE29-4B83-9209-DD3345258BE3}.Debug|ARM.Build.0 = Debug|Any CPU
		{3233C992-FE29-4B83-9209-DD3345258BE3}.Debug|ARM64.ActiveCfg = Debug|Any CPU
		{3233C992-FE29-4B83-9209-DD3345258BE3}.Debug|ARM64.Build.0 = Debug|Any CPU
		{3233C992-FE29-4B83-9209-DD3345258BE3}.Debug|x64.ActiveCfg = Debug|Any CPU
		{3233C992-FE29-4B83-9209-DD3345258BE3}.Debug|x64.Build.0 = Debug|Any CPU
		{3233C992-FE29-4B83-9209-DD3345258BE3}.Debug|x86.ActiveCfg = Debug|Any CPU
		{3233C992-FE29-4B83-9209-DD3345258BE3}.Debug|x86.Build.0 = Debug|Any CPU
		{3233C992-FE29-4B83-9209-DD3345258BE3}.Release|Any CPU.ActiveCfg = Release|Any CPU
		{3233C992-FE29-4B83-9209-DD3345258BE3}.Release|Any CPU.Build.0 = Release|Any CPU
		{3233C992-FE29-4B83-9209-DD3345258BE3}.Release|ARM.ActiveCfg = Release|Any CPU
		{3233C992-FE29-4B83-9209-DD3345258BE3}.Release|ARM.Build.0 = Release|Any CPU
		{3233C992-FE29-4B83-9209-DD3345258BE3}.Release|ARM64.ActiveCfg = Release|Any CPU
		{3233C992-FE29-4B83-9209-DD3345258BE3}.Release|ARM64.Build.0 = Release|Any CPU
		{3233C992-FE29-4B83-9209-DD3345258BE3}.Release|x64.ActiveCfg = Release|Any CPU
		{3233C992-FE29-4B83-9209-DD3345258BE3}.Release|x64.Build.0 = Release|Any CPU
		{3233C992-FE29-4B83-9209-DD3345258BE3}.Release|x86.ActiveCfg = Release|Any CPU
		{3233C992-FE29-4B83-9209-DD3345258BE3}.Release|x86.Build.0 = Release|Any CPU
	EndGlobalSection
	GlobalSection(SolutionProperties) = preSolution
		HideSolutionNode = FALSE
	EndGlobalSection
	GlobalSection(NestedProjects) = preSolution
		{6D6B4243-464A-4022-92A3-90B5E907411A} = {65913D07-03A6-4B98-8388-FEBB1146CEFD}
		{41B6BE22-8740-4E56-8A61-F85BB3AC6954} = {65913D07-03A6-4B98-8388-FEBB1146CEFD}
		{45095CB8-1460-4713-9862-985C2E47C88F} = {6D6B4243-464A-4022-92A3-90B5E907411A}
		{7BD10E86-574A-457F-A433-DEC5ABD84752} = {301E0DFC-ECF4-4718-BC1B-74F5185DDE4B}
		{F8FCB475-7EC9-464F-8565-9F7A126ECBD2} = {FA2E7343-CD16-496C-8D31-16ADBAF6BC0E}
		{231B08FA-73A2-42C4-9E3D-3EB52956A42E} = {211DF6C3-3586-4E19-AC7C-A0470646D7E2}
		{74934851-48A4-4415-A19B-F8202FF3C6CE} = {301E0DFC-ECF4-4718-BC1B-74F5185DDE4B}
		{6D1D936F-E2FB-4F19-9CD3-CAC91EF2067A} = {FA2E7343-CD16-496C-8D31-16ADBAF6BC0E}
		{BB9DEC4E-A9FC-4956-A224-9E6F1735ACA2} = {211DF6C3-3586-4E19-AC7C-A0470646D7E2}
		{ED0A8A05-7AF2-4774-A070-17B89EE5C86B} = {F812ECE7-0FE9-4761-977C-0F570E126A9E}
		{5966E0AC-BC71-4DD0-B917-DEE3A13C9DA6} = {301E0DFC-ECF4-4718-BC1B-74F5185DDE4B}
		{3233C992-FE29-4B83-9209-DD3345258BE3} = {F812ECE7-0FE9-4761-977C-0F570E126A9E}
	EndGlobalSection
	GlobalSection(ExtensibilityGlobals) = postSolution
		SolutionGuid = {D823C4A6-807C-4F0A-A520-932433831D10}
	EndGlobalSection
EndGlobal
